// !$*UTF8*$!
{
	archiveVersion = 1;
	classes = {
	};
	objectVersion = 46;
	objects = {

/* Begin PBXBuildFile section */
		37719AE61D22866D007E789A /* CDMangocityCalendar.m in Sources */ = {isa = PBXBuildFile; fileRef = 37719AE51D22866D007E789A /* CDMangocityCalendar.m */; };
		379215831D20FE420092A800 /* main.m in Sources */ = {isa = PBXBuildFile; fileRef = 379215821D20FE420092A800 /* main.m */; };
		379215861D20FE420092A800 /* AppDelegate.m in Sources */ = {isa = PBXBuildFile; fileRef = 379215851D20FE420092A800 /* AppDelegate.m */; };
		3792158E1D20FE420092A800 /* Assets.xcassets in Resources */ = {isa = PBXBuildFile; fileRef = 3792158D1D20FE420092A800 /* Assets.xcassets */; };
		379215911D20FE420092A800 /* LaunchScreen.storyboard in Resources */ = {isa = PBXBuildFile; fileRef = 3792158F1D20FE420092A800 /* LaunchScreen.storyboard */; };
		379215A51D2114190092A800 /* CDMainViewController.m in Sources */ = {isa = PBXBuildFile; fileRef = 379215A31D2114190092A800 /* CDMainViewController.m */; };
		379215A61D2114190092A800 /* CDMainViewController.xib in Resources */ = {isa = PBXBuildFile; fileRef = 379215A41D2114190092A800 /* CDMainViewController.xib */; };
		37D551021D2216FF00058B82 /* JTCalendarDayView+CDCustomDayView.m in Sources */ = {isa = PBXBuildFile; fileRef = 37D551011D2216FF00058B82 /* JTCalendarDayView+CDCustomDayView.m */; };
		37D551051D2263E000058B82 /* CoreFoundation.framework in Frameworks */ = {isa = PBXBuildFile; fileRef = 37D551041D2263E000058B82 /* CoreFoundation.framework */; };
		37D551071D2263E700058B82 /* UIKit.framework in Frameworks */ = {isa = PBXBuildFile; fileRef = 37D551061D2263E700058B82 /* UIKit.framework */; };
		37D551091D2263F500058B82 /* Foundation.framework in Frameworks */ = {isa = PBXBuildFile; fileRef = 37D551081D2263F500058B82 /* Foundation.framework */; };
		37D5510B1D22641100058B82 /* QuartzCore.framework in Frameworks */ = {isa = PBXBuildFile; fileRef = 37D5510A1D22641100058B82 /* QuartzCore.framework */; };
		37D551301D226F4200058B82 /* JTCalendarManager.m in Sources */ = {isa = PBXBuildFile; fileRef = 37D551101D226F4200058B82 /* JTCalendarManager.m */; };
		37D551311D226F4200058B82 /* JTCalendarSettings.m in Sources */ = {isa = PBXBuildFile; fileRef = 37D551121D226F4200058B82 /* JTCalendarSettings.m */; };
		37D551321D226F4200058B82 /* JTDateHelper.m in Sources */ = {isa = PBXBuildFile; fileRef = 37D551141D226F4200058B82 /* JTDateHelper.m */; };
		37D551331D226F4200058B82 /* JTCalendarDelegateManager.m in Sources */ = {isa = PBXBuildFile; fileRef = 37D551171D226F4200058B82 /* JTCalendarDelegateManager.m */; };
		37D551341D226F4200058B82 /* JTCalendarScrollManager.m in Sources */ = {isa = PBXBuildFile; fileRef = 37D551191D226F4200058B82 /* JTCalendarScrollManager.m */; };
		37D551351D226F4200058B82 /* JTCalendarDayView.m in Sources */ = {isa = PBXBuildFile; fileRef = 37D551231D226F4200058B82 /* JTCalendarDayView.m */; };
		37D551361D226F4200058B82 /* JTCalendarMenuView.m in Sources */ = {isa = PBXBuildFile; fileRef = 37D551251D226F4200058B82 /* JTCalendarMenuView.m */; };
		37D551371D226F4200058B82 /* JTCalendarPageView.m in Sources */ = {isa = PBXBuildFile; fileRef = 37D551271D226F4200058B82 /* JTCalendarPageView.m */; };
		37D551381D226F4200058B82 /* JTCalendarWeekDayView.m in Sources */ = {isa = PBXBuildFile; fileRef = 37D551291D226F4200058B82 /* JTCalendarWeekDayView.m */; };
		37D551391D226F4200058B82 /* JTCalendarWeekView.m in Sources */ = {isa = PBXBuildFile; fileRef = 37D5512B1D226F4200058B82 /* JTCalendarWeekView.m */; };
		37D5513A1D226F4200058B82 /* JTHorizontalCalendarView.m in Sources */ = {isa = PBXBuildFile; fileRef = 37D5512D1D226F4200058B82 /* JTHorizontalCalendarView.m */; };
		37D5513B1D226F4200058B82 /* JTVerticalCalendarView.m in Sources */ = {isa = PBXBuildFile; fileRef = 37D5512F1D226F4200058B82 /* JTVerticalCalendarView.m */; };
		A36C178E8B3BD9E9AB7E7F94 /* libPods-CDCollectionViewCalendar.a in Frameworks */ = {isa = PBXBuildFile; fileRef = 49BDEAEFA66BC81B48584201 /* libPods-CDCollectionViewCalendar.a */; };
/* End PBXBuildFile section */

/* Begin PBXFileReference section */
		37719AE41D22866D007E789A /* CDMangocityCalendar.h */ = {isa = PBXFileReference; fileEncoding = 4; lastKnownFileType = sourcecode.c.h; path = CDMangocityCalendar.h; sourceTree = "<group>"; };
		37719AE51D22866D007E789A /* CDMangocityCalendar.m */ = {isa = PBXFileReference; fileEncoding = 4; lastKnownFileType = sourcecode.c.objc; path = CDMangocityCalendar.m; sourceTree = "<group>"; };
		3792157E1D20FE420092A800 /* CDCollectionViewCalendar.app */ = {isa = PBXFileReference; explicitFileType = wrapper.application; includeInIndex = 0; path = CDCollectionViewCalendar.app; sourceTree = BUILT_PRODUCTS_DIR; };
		379215821D20FE420092A800 /* main.m */ = {isa = PBXFileReference; lastKnownFileType = sourcecode.c.objc; path = main.m; sourceTree = "<group>"; };
		379215841D20FE420092A800 /* AppDelegate.h */ = {isa = PBXFileReference; lastKnownFileType = sourcecode.c.h; path = AppDelegate.h; sourceTree = "<group>"; };
		379215851D20FE420092A800 /* AppDelegate.m */ = {isa = PBXFileReference; lastKnownFileType = sourcecode.c.objc; path = AppDelegate.m; sourceTree = "<group>"; };
		3792158D1D20FE420092A800 /* Assets.xcassets */ = {isa = PBXFileReference; lastKnownFileType = folder.assetcatalog; path = Assets.xcassets; sourceTree = "<group>"; };
		379215901D20FE420092A800 /* Base */ = {isa = PBXFileReference; lastKnownFileType = file.storyboard; name = Base; path = Base.lproj/LaunchScreen.storyboard; sourceTree = "<group>"; };
		379215921D20FE420092A800 /* Info.plist */ = {isa = PBXFileReference; lastKnownFileType = text.plist.xml; path = Info.plist; sourceTree = "<group>"; };
		379215A21D2114190092A800 /* CDMainViewController.h */ = {isa = PBXFileReference; fileEncoding = 4; lastKnownFileType = sourcecode.c.h; path = CDMainViewController.h; sourceTree = "<group>"; };
		379215A31D2114190092A800 /* CDMainViewController.m */ = {isa = PBXFileReference; fileEncoding = 4; lastKnownFileType = sourcecode.c.objc; path = CDMainViewController.m; sourceTree = "<group>"; };
		379215A41D2114190092A800 /* CDMainViewController.xib */ = {isa = PBXFileReference; fileEncoding = 4; lastKnownFileType = file.xib; path = CDMainViewController.xib; sourceTree = "<group>"; };
		37D551001D2216FF00058B82 /* JTCalendarDayView+CDCustomDayView.h */ = {isa = PBXFileReference; fileEncoding = 4; lastKnownFileType = sourcecode.c.h; path = "JTCalendarDayView+CDCustomDayView.h"; sourceTree = "<group>"; };
		37D551011D2216FF00058B82 /* JTCalendarDayView+CDCustomDayView.m */ = {isa = PBXFileReference; fileEncoding = 4; lastKnownFileType = sourcecode.c.objc; path = "JTCalendarDayView+CDCustomDayView.m"; sourceTree = "<group>"; };
		37D551041D2263E000058B82 /* CoreFoundation.framework */ = {isa = PBXFileReference; lastKnownFileType = wrapper.framework; name = CoreFoundation.framework; path = System/Library/Frameworks/CoreFoundation.framework; sourceTree = SDKROOT; };
		37D551061D2263E700058B82 /* UIKit.framework */ = {isa = PBXFileReference; lastKnownFileType = wrapper.framework; name = UIKit.framework; path = System/Library/Frameworks/UIKit.framework; sourceTree = SDKROOT; };
		37D551081D2263F500058B82 /* Foundation.framework */ = {isa = PBXFileReference; lastKnownFileType = wrapper.framework; name = Foundation.framework; path = System/Library/Frameworks/Foundation.framework; sourceTree = SDKROOT; };
		37D5510A1D22641100058B82 /* QuartzCore.framework */ = {isa = PBXFileReference; lastKnownFileType = wrapper.framework; name = QuartzCore.framework; path = System/Library/Frameworks/QuartzCore.framework; sourceTree = SDKROOT; };
		37D5510D1D226F4200058B82 /* JTCalendar.h */ = {isa = PBXFileReference; fileEncoding = 4; lastKnownFileType = sourcecode.c.h; path = JTCalendar.h; sourceTree = "<group>"; };
		37D5510E1D226F4200058B82 /* JTCalendarDelegate.h */ = {isa = PBXFileReference; fileEncoding = 4; lastKnownFileType = sourcecode.c.h; path = JTCalendarDelegate.h; sourceTree = "<group>"; };
		37D5510F1D226F4200058B82 /* JTCalendarManager.h */ = {isa = PBXFileReference; fileEncoding = 4; lastKnownFileType = sourcecode.c.h; path = JTCalendarManager.h; sourceTree = "<group>"; };
		37D551101D226F4200058B82 /* JTCalendarManager.m */ = {isa = PBXFileReference; fileEncoding = 4; lastKnownFileType = sourcecode.c.objc; path = JTCalendarManager.m; sourceTree = "<group>"; };
		37D551111D226F4200058B82 /* JTCalendarSettings.h */ = {isa = PBXFileReference; fileEncoding = 4; lastKnownFileType = sourcecode.c.h; path = JTCalendarSettings.h; sourceTree = "<group>"; };
		37D551121D226F4200058B82 /* JTCalendarSettings.m */ = {isa = PBXFileReference; fileEncoding = 4; lastKnownFileType = sourcecode.c.objc; path = JTCalendarSettings.m; sourceTree = "<group>"; };
		37D551131D226F4200058B82 /* JTDateHelper.h */ = {isa = PBXFileReference; fileEncoding = 4; lastKnownFileType = sourcecode.c.h; path = JTDateHelper.h; sourceTree = "<group>"; };
		37D551141D226F4200058B82 /* JTDateHelper.m */ = {isa = PBXFileReference; fileEncoding = 4; lastKnownFileType = sourcecode.c.objc; path = JTDateHelper.m; sourceTree = "<group>"; };
		37D551161D226F4200058B82 /* JTCalendarDelegateManager.h */ = {isa = PBXFileReference; fileEncoding = 4; lastKnownFileType = sourcecode.c.h; path = JTCalendarDelegateManager.h; sourceTree = "<group>"; };
		37D551171D226F4200058B82 /* JTCalendarDelegateManager.m */ = {isa = PBXFileReference; fileEncoding = 4; lastKnownFileType = sourcecode.c.objc; path = JTCalendarDelegateManager.m; sourceTree = "<group>"; };
		37D551181D226F4200058B82 /* JTCalendarScrollManager.h */ = {isa = PBXFileReference; fileEncoding = 4; lastKnownFileType = sourcecode.c.h; path = JTCalendarScrollManager.h; sourceTree = "<group>"; };
		37D551191D226F4200058B82 /* JTCalendarScrollManager.m */ = {isa = PBXFileReference; fileEncoding = 4; lastKnownFileType = sourcecode.c.objc; path = JTCalendarScrollManager.m; sourceTree = "<group>"; };
		37D5511B1D226F4200058B82 /* JTCalendarDay.h */ = {isa = PBXFileReference; fileEncoding = 4; lastKnownFileType = sourcecode.c.h; path = JTCalendarDay.h; sourceTree = "<group>"; };
		37D5511C1D226F4200058B82 /* JTCalendarPage.h */ = {isa = PBXFileReference; fileEncoding = 4; lastKnownFileType = sourcecode.c.h; path = JTCalendarPage.h; sourceTree = "<group>"; };
		37D5511D1D226F4200058B82 /* JTCalendarWeek.h */ = {isa = PBXFileReference; fileEncoding = 4; lastKnownFileType = sourcecode.c.h; path = JTCalendarWeek.h; sourceTree = "<group>"; };
		37D5511E1D226F4200058B82 /* JTCalendarWeekDay.h */ = {isa = PBXFileReference; fileEncoding = 4; lastKnownFileType = sourcecode.c.h; path = JTCalendarWeekDay.h; sourceTree = "<group>"; };
		37D5511F1D226F4200058B82 /* JTContent.h */ = {isa = PBXFileReference; fileEncoding = 4; lastKnownFileType = sourcecode.c.h; path = JTContent.h; sourceTree = "<group>"; };
		37D551201D226F4200058B82 /* JTMenu.h */ = {isa = PBXFileReference; fileEncoding = 4; lastKnownFileType = sourcecode.c.h; path = JTMenu.h; sourceTree = "<group>"; };
		37D551221D226F4200058B82 /* JTCalendarDayView.h */ = {isa = PBXFileReference; fileEncoding = 4; lastKnownFileType = sourcecode.c.h; path = JTCalendarDayView.h; sourceTree = "<group>"; };
		37D551231D226F4200058B82 /* JTCalendarDayView.m */ = {isa = PBXFileReference; fileEncoding = 4; lastKnownFileType = sourcecode.c.objc; path = JTCalendarDayView.m; sourceTree = "<group>"; };
		37D551241D226F4200058B82 /* JTCalendarMenuView.h */ = {isa = PBXFileReference; fileEncoding = 4; lastKnownFileType = sourcecode.c.h; path = JTCalendarMenuView.h; sourceTree = "<group>"; };
		37D551251D226F4200058B82 /* JTCalendarMenuView.m */ = {isa = PBXFileReference; fileEncoding = 4; lastKnownFileType = sourcecode.c.objc; path = JTCalendarMenuView.m; sourceTree = "<group>"; };
		37D551261D226F4200058B82 /* JTCalendarPageView.h */ = {isa = PBXFileReference; fileEncoding = 4; lastKnownFileType = sourcecode.c.h; path = JTCalendarPageView.h; sourceTree = "<group>"; };
		37D551271D226F4200058B82 /* JTCalendarPageView.m */ = {isa = PBXFileReference; fileEncoding = 4; lastKnownFileType = sourcecode.c.objc; path = JTCalendarPageView.m; sourceTree = "<group>"; };
		37D551281D226F4200058B82 /* JTCalendarWeekDayView.h */ = {isa = PBXFileReference; fileEncoding = 4; lastKnownFileType = sourcecode.c.h; path = JTCalendarWeekDayView.h; sourceTree = "<group>"; };
		37D551291D226F4200058B82 /* JTCalendarWeekDayView.m */ = {isa = PBXFileReference; fileEncoding = 4; lastKnownFileType = sourcecode.c.objc; path = JTCalendarWeekDayView.m; sourceTree = "<group>"; };
		37D5512A1D226F4200058B82 /* JTCalendarWeekView.h */ = {isa = PBXFileReference; fileEncoding = 4; lastKnownFileType = sourcecode.c.h; path = JTCalendarWeekView.h; sourceTree = "<group>"; };
		37D5512B1D226F4200058B82 /* JTCalendarWeekView.m */ = {isa = PBXFileReference; fileEncoding = 4; lastKnownFileType = sourcecode.c.objc; path = JTCalendarWeekView.m; sourceTree = "<group>"; };
		37D5512C1D226F4200058B82 /* JTHorizontalCalendarView.h */ = {isa = PBXFileReference; fileEncoding = 4; lastKnownFileType = sourcecode.c.h; path = JTHorizontalCalendarView.h; sourceTree = "<group>"; };
		37D5512D1D226F4200058B82 /* JTHorizontalCalendarView.m */ = {isa = PBXFileReference; fileEncoding = 4; lastKnownFileType = sourcecode.c.objc; path = JTHorizontalCalendarView.m; sourceTree = "<group>"; };
		37D5512E1D226F4200058B82 /* JTVerticalCalendarView.h */ = {isa = PBXFileReference; fileEncoding = 4; lastKnownFileType = sourcecode.c.h; path = JTVerticalCalendarView.h; sourceTree = "<group>"; };
		37D5512F1D226F4200058B82 /* JTVerticalCalendarView.m */ = {isa = PBXFileReference; fileEncoding = 4; lastKnownFileType = sourcecode.c.objc; path = JTVerticalCalendarView.m; sourceTree = "<group>"; };
		49BDEAEFA66BC81B48584201 /* libPods-CDCollectionViewCalendar.a */ = {isa = PBXFileReference; explicitFileType = archive.ar; includeInIndex = 0; path = "libPods-CDCollectionViewCalendar.a"; sourceTree = BUILT_PRODUCTS_DIR; };
		86AF529354257B700E9BD10F /* Pods-CDCollectionViewCalendar.release.xcconfig */ = {isa = PBXFileReference; includeInIndex = 1; lastKnownFileType = text.xcconfig; name = "Pods-CDCollectionViewCalendar.release.xcconfig"; path = "Pods/Target Support Files/Pods-CDCollectionViewCalendar/Pods-CDCollectionViewCalendar.release.xcconfig"; sourceTree = "<group>"; };
		97A414B9B4CB16139FD55C8A /* Pods-CDCollectionViewCalendar.debug.xcconfig */ = {isa = PBXFileReference; includeInIndex = 1; lastKnownFileType = text.xcconfig; name = "Pods-CDCollectionViewCalendar.debug.xcconfig"; path = "Pods/Target Support Files/Pods-CDCollectionViewCalendar/Pods-CDCollectionViewCalendar.debug.xcconfig"; sourceTree = "<group>"; };
/* End PBXFileReference section */

/* Begin PBXFrameworksBuildPhase section */
		3792157B1D20FE420092A800 /* Frameworks */ = {
			isa = PBXFrameworksBuildPhase;
			buildActionMask = 2147483647;
			files = (
				37D5510B1D22641100058B82 /* QuartzCore.framework in Frameworks */,
				37D551091D2263F500058B82 /* Foundation.framework in Frameworks */,
				37D551071D2263E700058B82 /* UIKit.framework in Frameworks */,
				37D551051D2263E000058B82 /* CoreFoundation.framework in Frameworks */,
				A36C178E8B3BD9E9AB7E7F94 /* libPods-CDCollectionViewCalendar.a in Frameworks */,
			);
			runOnlyForDeploymentPostprocessing = 0;
		};
/* End PBXFrameworksBuildPhase section */

/* Begin PBXGroup section */
		379215751D20FE420092A800 = {
			isa = PBXGroup;
			children = (
				37D551031D2263D400058B82 /* Frameworks */,
				379215801D20FE420092A800 /* CDCollectionViewCalendar */,
				3792157F1D20FE420092A800 /* Products */,
				8E7BEF514FA84B7D52F64CD3 /* Pods */,
			);
			sourceTree = "<group>";
		};
		3792157F1D20FE420092A800 /* Products */ = {
			isa = PBXGroup;
			children = (
				3792157E1D20FE420092A800 /* CDCollectionViewCalendar.app */,
			);
			name = Products;
			sourceTree = "<group>";
		};
		379215801D20FE420092A800 /* CDCollectionViewCalendar */ = {
			isa = PBXGroup;
			children = (
				379215981D20FEEA0092A800 /* class */,
				3792158D1D20FE420092A800 /* Assets.xcassets */,
				379215811D20FE420092A800 /* Supporting Files */,
			);
			path = CDCollectionViewCalendar;
			sourceTree = "<group>";
		};
		379215811D20FE420092A800 /* Supporting Files */ = {
			isa = PBXGroup;
			children = (
				379215841D20FE420092A800 /* AppDelegate.h */,
				379215851D20FE420092A800 /* AppDelegate.m */,
				3792158F1D20FE420092A800 /* LaunchScreen.storyboard */,
				379215921D20FE420092A800 /* Info.plist */,
				379215821D20FE420092A800 /* main.m */,
			);
			name = "Supporting Files";
			sourceTree = "<group>";
		};
		379215981D20FEEA0092A800 /* class */ = {
			isa = PBXGroup;
			children = (
				379215A21D2114190092A800 /* CDMainViewController.h */,
				379215A31D2114190092A800 /* CDMainViewController.m */,
				379215A41D2114190092A800 /* CDMainViewController.xib */,
				379215991D20FF370092A800 /* CDCalendar */,
				3792159C1D20FF370092A800 /* Libs */,
			);
			path = class;
			sourceTree = "<group>";
		};
		379215991D20FF370092A800 /* CDCalendar */ = {
			isa = PBXGroup;
			children = (
				3792159A1D20FF370092A800 /* controller */,
				3792159B1D20FF370092A800 /* view */,
			);
			path = CDCalendar;
			sourceTree = "<group>";
		};
		3792159A1D20FF370092A800 /* controller */ = {
			isa = PBXGroup;
			children = (
			);
			path = controller;
			sourceTree = "<group>";
		};
		3792159B1D20FF370092A800 /* view */ = {
			isa = PBXGroup;
			children = (
				37719AE41D22866D007E789A /* CDMangocityCalendar.h */,
				37719AE51D22866D007E789A /* CDMangocityCalendar.m */,
				37D551001D2216FF00058B82 /* JTCalendarDayView+CDCustomDayView.h */,
				37D551011D2216FF00058B82 /* JTCalendarDayView+CDCustomDayView.m */,
			);
			path = view;
			sourceTree = "<group>";
		};
		3792159C1D20FF370092A800 /* Libs */ = {
			isa = PBXGroup;
			children = (
				37D5510C1D226F4200058B82 /* JTCalendar */,
			);
			path = Libs;
			sourceTree = "<group>";
		};
		37D551031D2263D400058B82 /* Frameworks */ = {
			isa = PBXGroup;
			children = (
				37D5510A1D22641100058B82 /* QuartzCore.framework */,
				37D551081D2263F500058B82 /* Foundation.framework */,
				37D551061D2263E700058B82 /* UIKit.framework */,
				37D551041D2263E000058B82 /* CoreFoundation.framework */,
				49BDEAEFA66BC81B48584201 /* libPods-CDCollectionViewCalendar.a */,
			);
			name = Frameworks;
			sourceTree = "<group>";
		};
		37D5510C1D226F4200058B82 /* JTCalendar */ = {
			isa = PBXGroup;
			children = (
				37D5510D1D226F4200058B82 /* JTCalendar.h */,
				37D5510E1D226F4200058B82 /* JTCalendarDelegate.h */,
				37D5510F1D226F4200058B82 /* JTCalendarManager.h */,
				37D551101D226F4200058B82 /* JTCalendarManager.m */,
				37D551111D226F4200058B82 /* JTCalendarSettings.h */,
				37D551121D226F4200058B82 /* JTCalendarSettings.m */,
				37D551131D226F4200058B82 /* JTDateHelper.h */,
				37D551141D226F4200058B82 /* JTDateHelper.m */,
				37D551151D226F4200058B82 /* Managers */,
				37D5511A1D226F4200058B82 /* Protocols */,
				37D551211D226F4200058B82 /* Views */,
			);
			path = JTCalendar;
			sourceTree = "<group>";
		};
		37D551151D226F4200058B82 /* Managers */ = {
			isa = PBXGroup;
			children = (
				37D551161D226F4200058B82 /* JTCalendarDelegateManager.h */,
				37D551171D226F4200058B82 /* JTCalendarDelegateManager.m */,
				37D551181D226F4200058B82 /* JTCalendarScrollManager.h */,
				37D551191D226F4200058B82 /* JTCalendarScrollManager.m */,
			);
			path = Managers;
			sourceTree = "<group>";
		};
		37D5511A1D226F4200058B82 /* Protocols */ = {
			isa = PBXGroup;
			children = (
				37D5511B1D226F4200058B82 /* JTCalendarDay.h */,
				37D5511C1D226F4200058B82 /* JTCalendarPage.h */,
				37D5511D1D226F4200058B82 /* JTCalendarWeek.h */,
				37D5511E1D226F4200058B82 /* JTCalendarWeekDay.h */,
				37D5511F1D226F4200058B82 /* JTContent.h */,
				37D551201D226F4200058B82 /* JTMenu.h */,
			);
			path = Protocols;
			sourceTree = "<group>";
		};
		37D551211D226F4200058B82 /* Views */ = {
			isa = PBXGroup;
			children = (
				37D551221D226F4200058B82 /* JTCalendarDayView.h */,
				37D551231D226F4200058B82 /* JTCalendarDayView.m */,
				37D551241D226F4200058B82 /* JTCalendarMenuView.h */,
				37D551251D226F4200058B82 /* JTCalendarMenuView.m */,
				37D551261D226F4200058B82 /* JTCalendarPageView.h */,
				37D551271D226F4200058B82 /* JTCalendarPageView.m */,
				37D551281D226F4200058B82 /* JTCalendarWeekDayView.h */,
				37D551291D226F4200058B82 /* JTCalendarWeekDayView.m */,
				37D5512A1D226F4200058B82 /* JTCalendarWeekView.h */,
				37D5512B1D226F4200058B82 /* JTCalendarWeekView.m */,
				37D5512C1D226F4200058B82 /* JTHorizontalCalendarView.h */,
				37D5512D1D226F4200058B82 /* JTHorizontalCalendarView.m */,
				37D5512E1D226F4200058B82 /* JTVerticalCalendarView.h */,
				37D5512F1D226F4200058B82 /* JTVerticalCalendarView.m */,
			);
			path = Views;
			sourceTree = "<group>";
		};
		8E7BEF514FA84B7D52F64CD3 /* Pods */ = {
			isa = PBXGroup;
			children = (
				97A414B9B4CB16139FD55C8A /* Pods-CDCollectionViewCalendar.debug.xcconfig */,
				86AF529354257B700E9BD10F /* Pods-CDCollectionViewCalendar.release.xcconfig */,
			);
			name = Pods;
			sourceTree = "<group>";
		};
/* End PBXGroup section */

/* Begin PBXNativeTarget section */
		3792157D1D20FE420092A800 /* CDCollectionViewCalendar */ = {
			isa = PBXNativeTarget;
			buildConfigurationList = 379215951D20FE420092A800 /* Build configuration list for PBXNativeTarget "CDCollectionViewCalendar" */;
			buildPhases = (
				30082F2AA8C625ADE79C3C31 /* [CP] Check Pods Manifest.lock */,
				3792157A1D20FE420092A800 /* Sources */,
				3792157B1D20FE420092A800 /* Frameworks */,
				3792157C1D20FE420092A800 /* Resources */,
				3A9AB85AD327B191ED47AF52 /* [CP] Embed Pods Frameworks */,
				FFE4A6554D307F4134CB5D03 /* [CP] Copy Pods Resources */,
			);
			buildRules = (
			);
			dependencies = (
			);
			name = CDCollectionViewCalendar;
			productName = CDCollectionViewCalendar;
			productReference = 3792157E1D20FE420092A800 /* CDCollectionViewCalendar.app */;
			productType = "com.apple.product-type.application";
		};
/* End PBXNativeTarget section */

/* Begin PBXProject section */
		379215761D20FE420092A800 /* Project object */ = {
			isa = PBXProject;
			attributes = {
				LastUpgradeCheck = 0730;
				ORGANIZATIONNAME = Cindy;
				TargetAttributes = {
					3792157D1D20FE420092A800 = {
						CreatedOnToolsVersion = 7.3.1;
					};
				};
			};
			buildConfigurationList = 379215791D20FE420092A800 /* Build configuration list for PBXProject "CDCollectionViewCalendar" */;
			compatibilityVersion = "Xcode 3.2";
			developmentRegion = English;
			hasScannedForEncodings = 0;
			knownRegions = (
				en,
				Base,
			);
			mainGroup = 379215751D20FE420092A800;
			productRefGroup = 3792157F1D20FE420092A800 /* Products */;
			projectDirPath = "";
			projectRoot = "";
			targets = (
				3792157D1D20FE420092A800 /* CDCollectionViewCalendar */,
			);
		};
/* End PBXProject section */

/* Begin PBXResourcesBuildPhase section */
		3792157C1D20FE420092A800 /* Resources */ = {
			isa = PBXResourcesBuildPhase;
			buildActionMask = 2147483647;
			files = (
				379215911D20FE420092A800 /* LaunchScreen.storyboard in Resources */,
				3792158E1D20FE420092A800 /* Assets.xcassets in Resources */,
				379215A61D2114190092A800 /* CDMainViewController.xib in Resources */,
			);
			runOnlyForDeploymentPostprocessing = 0;
		};
/* End PBXResourcesBuildPhase section */

/* Begin PBXShellScriptBuildPhase section */
		30082F2AA8C625ADE79C3C31 /* [CP] Check Pods Manifest.lock */ = {
			isa = PBXShellScriptBuildPhase;
			buildActionMask = 2147483647;
			files = (
			);
			inputPaths = (
			);
			name = "[CP] Check Pods Manifest.lock";
			outputPaths = (
			);
			runOnlyForDeploymentPostprocessing = 0;
			shellPath = /bin/sh;
			shellScript = "diff \"${PODS_ROOT}/../Podfile.lock\" \"${PODS_ROOT}/Manifest.lock\" > /dev/null\nif [[ $? != 0 ]] ; then\n    cat << EOM\nerror: The sandbox is not in sync with the Podfile.lock. Run 'pod install' or update your CocoaPods installation.\nEOM\n    exit 1\nfi\n";
			showEnvVarsInLog = 0;
		};
		3A9AB85AD327B191ED47AF52 /* [CP] Embed Pods Frameworks */ = {
			isa = PBXShellScriptBuildPhase;
			buildActionMask = 2147483647;
			files = (
			);
			inputPaths = (
			);
			name = "[CP] Embed Pods Frameworks";
			outputPaths = (
			);
			runOnlyForDeploymentPostprocessing = 0;
			shellPath = /bin/sh;
			shellScript = "\"${SRCROOT}/Pods/Target Support Files/Pods-CDCollectionViewCalendar/Pods-CDCollectionViewCalendar-frameworks.sh\"\n";
			showEnvVarsInLog = 0;
		};
		FFE4A6554D307F4134CB5D03 /* [CP] Copy Pods Resources */ = {
			isa = PBXShellScriptBuildPhase;
			buildActionMask = 2147483647;
			files = (
			);
			inputPaths = (
			);
			name = "[CP] Copy Pods Resources";
			outputPaths = (
			);
			runOnlyForDeploymentPostprocessing = 0;
			shellPath = /bin/sh;
			shellScript = "\"${SRCROOT}/Pods/Target Support Files/Pods-CDCollectionViewCalendar/Pods-CDCollectionViewCalendar-resources.sh\"\n";
			showEnvVarsInLog = 0;
		};
/* End PBXShellScriptBuildPhase section */

/* Begin PBXSourcesBuildPhase section */
		3792157A1D20FE420092A800 /* Sources */ = {
			isa = PBXSourcesBuildPhase;
			buildActionMask = 2147483647;
			files = (
				37D551021D2216FF00058B82 /* JTCalendarDayView+CDCustomDayView.m in Sources */,
				37D551351D226F4200058B82 /* JTCalendarDayView.m in Sources */,
				37D5513B1D226F4200058B82 /* JTVerticalCalendarView.m in Sources */,
				37D5513A1D226F4200058B82 /* JTHorizontalCalendarView.m in Sources */,
				37D551311D226F4200058B82 /* JTCalendarSettings.m in Sources */,
				379215861D20FE420092A800 /* AppDelegate.m in Sources */,
				37D551301D226F4200058B82 /* JTCalendarManager.m in Sources */,
				37D551321D226F4200058B82 /* JTDateHelper.m in Sources */,
				37D551381D226F4200058B82 /* JTCalendarWeekDayView.m in Sources */,
				37719AE61D22866D007E789A /* CDMangocityCalendar.m in Sources */,
				37D551361D226F4200058B82 /* JTCalendarMenuView.m in Sources */,
				37D551341D226F4200058B82 /* JTCalendarScrollManager.m in Sources */,
				37D551391D226F4200058B82 /* JTCalendarWeekView.m in Sources */,
				37D551331D226F4200058B82 /* JTCalendarDelegateManager.m in Sources */,
				37D551371D226F4200058B82 /* JTCalendarPageView.m in Sources */,
				379215A51D2114190092A800 /* CDMainViewController.m in Sources */,
				379215831D20FE420092A800 /* main.m in Sources */,
			);
			runOnlyForDeploymentPostprocessing = 0;
		};
/* End PBXSourcesBuildPhase section */

/* Begin PBXVariantGroup section */
		3792158F1D20FE420092A800 /* LaunchScreen.storyboard */ = {
			isa = PBXVariantGroup;
			children = (
				379215901D20FE420092A800 /* Base */,
			);
			name = LaunchScreen.storyboard;
			sourceTree = "<group>";
		};
/* End PBXVariantGroup section */

/* Begin XCBuildConfiguration section */
		379215931D20FE420092A800 /* Debug */ = {
			isa = XCBuildConfiguration;
			buildSettings = {
				ALWAYS_SEARCH_USER_PATHS = NO;
				CLANG_ANALYZER_NONNULL = YES;
				CLANG_CXX_LANGUAGE_STANDARD = "gnu++0x";
				CLANG_CXX_LIBRARY = "libc++";
				CLANG_ENABLE_MODULES = YES;
				CLANG_ENABLE_OBJC_ARC = YES;
				CLANG_WARN_BOOL_CONVERSION = YES;
				CLANG_WARN_CONSTANT_CONVERSION = YES;
				CLANG_WARN_DIRECT_OBJC_ISA_USAGE = YES_ERROR;
				CLANG_WARN_EMPTY_BODY = YES;
				CLANG_WARN_ENUM_CONVERSION = YES;
				CLANG_WARN_INT_CONVERSION = YES;
				CLANG_WARN_OBJC_ROOT_CLASS = YES_ERROR;
				CLANG_WARN_UNREACHABLE_CODE = YES;
				CLANG_WARN__DUPLICATE_METHOD_MATCH = YES;
				"CODE_SIGN_IDENTITY[sdk=iphoneos*]" = "iPhone Developer";
				COPY_PHASE_STRIP = NO;
				DEBUG_INFORMATION_FORMAT = dwarf;
				ENABLE_STRICT_OBJC_MSGSEND = YES;
				ENABLE_TESTABILITY = YES;
				GCC_C_LANGUAGE_STANDARD = gnu99;
				GCC_DYNAMIC_NO_PIC = NO;
				GCC_NO_COMMON_BLOCKS = YES;
				GCC_OPTIMIZATION_LEVEL = 0;
				GCC_PREPROCESSOR_DEFINITIONS = (
					"DEBUG=1",
					"$(inherited)",
				);
				GCC_WARN_64_TO_32_BIT_CONVERSION = YES;
				GCC_WARN_ABOUT_RETURN_TYPE = YES_ERROR;
				GCC_WARN_UNDECLARED_SELECTOR = YES;
				GCC_WARN_UNINITIALIZED_AUTOS = YES_AGGRESSIVE;
				GCC_WARN_UNUSED_FUNCTION = YES;
				GCC_WARN_UNUSED_VARIABLE = YES;
				IPHONEOS_DEPLOYMENT_TARGET = 9.3;
				MTL_ENABLE_DEBUG_INFO = YES;
				ONLY_ACTIVE_ARCH = YES;
				SDKROOT = iphoneos;
			};
			name = Debug;
		};
		379215941D20FE420092A800 /* Release */ = {
			isa = XCBuildConfiguration;
			buildSettings = {
				ALWAYS_SEARCH_USER_PATHS = NO;
				CLANG_ANALYZER_NONNULL = YES;
				CLANG_CXX_LANGUAGE_STANDARD = "gnu++0x";
				CLANG_CXX_LIBRARY = "libc++";
				CLANG_ENABLE_MODULES = YES;
				CLANG_ENABLE_OBJC_ARC = YES;
				CLANG_WARN_BOOL_CONVERSION = YES;
				CLANG_WARN_CONSTANT_CONVERSION = YES;
				CLANG_WARN_DIRECT_OBJC_ISA_USAGE = YES_ERROR;
				CLANG_WARN_EMPTY_BODY = YES;
				CLANG_WARN_ENUM_CONVERSION = YES;
				CLANG_WARN_INT_CONVERSION = YES;
				CLANG_WARN_OBJC_ROOT_CLASS = YES_ERROR;
				CLANG_WARN_UNREACHABLE_CODE = YES;
				CLANG_WARN__DUPLICATE_METHOD_MATCH = YES;
				"CODE_SIGN_IDENTITY[sdk=iphoneos*]" = "iPhone Developer";
				COPY_PHASE_STRIP = NO;
				DEBUG_INFORMATION_FORMAT = "dwarf-with-dsym";
				ENABLE_NS_ASSERTIONS = NO;
				ENABLE_STRICT_OBJC_MSGSEND = YES;
				GCC_C_LANGUAGE_STANDARD = gnu99;
				GCC_NO_COMMON_BLOCKS = YES;
				GCC_WARN_64_TO_32_BIT_CONVERSION = YES;
				GCC_WARN_ABOUT_RETURN_TYPE = YES_ERROR;
				GCC_WARN_UNDECLARED_SELECTOR = YES;
				GCC_WARN_UNINITIALIZED_AUTOS = YES_AGGRESSIVE;
				GCC_WARN_UNUSED_FUNCTION = YES;
				GCC_WARN_UNUSED_VARIABLE = YES;
				IPHONEOS_DEPLOYMENT_TARGET = 9.3;
				MTL_ENABLE_DEBUG_INFO = NO;
				SDKROOT = iphoneos;
				VALIDATE_PRODUCT = YES;
			};
			name = Release;
		};
		379215961D20FE420092A800 /* Debug */ = {
			isa = XCBuildConfiguration;
			baseConfigurationReference = 97A414B9B4CB16139FD55C8A /* Pods-CDCollectionViewCalendar.debug.xcconfig */;
			buildSettings = {
				ASSETCATALOG_COMPILER_APPICON_NAME = AppIcon;
				INFOPLIST_FILE = CDCollectionViewCalendar/Info.plist;
				IPHONEOS_DEPLOYMENT_TARGET = 7.1;
				LD_RUNPATH_SEARCH_PATHS = "$(inherited) @executable_path/Frameworks";
				PRODUCT_BUNDLE_IDENTIFIER = com.cindy.source.CDCollectionViewCalendar;
				PRODUCT_NAME = "$(TARGET_NAME)";
			};
			name = Debug;
		};
		379215971D20FE420092A800 /* Release */ = {
			isa = XCBuildConfiguration;
			baseConfigurationReference = 86AF529354257B700E9BD10F /* Pods-CDCollectionViewCalendar.release.xcconfig */;
			buildSettings = {
				ASSETCATALOG_COMPILER_APPICON_NAME = AppIcon;
				INFOPLIST_FILE = CDCollectionViewCalendar/Info.plist;
				IPHONEOS_DEPLOYMENT_TARGET = 7.1;
				LD_RUNPATH_SEARCH_PATHS = "$(inherited) @executable_path/Frameworks";
				PRODUCT_BUNDLE_IDENTIFIER = com.cindy.source.CDCollectionViewCalendar;
				PRODUCT_NAME = "$(TARGET_NAME)";
			};
			name = Release;
		};
/* End XCBuildConfiguration section */

/* Begin XCConfigurationList section */
		379215791D20FE420092A800 /* Build configuration list for PBXProject "CDCollectionViewCalendar" */ = {
			isa = XCConfigurationList;
			buildConfigurations = (
				379215931D20FE420092A800 /* Debug */,
				379215941D20FE420092A800 /* Release */,
			);
			defaultConfigurationIsVisible = 0;
			defaultConfigurationName = Release;
		};
		379215951D20FE420092A800 /* Build configuration list for PBXNativeTarget "CDCollectionViewCalendar" */ = {
			isa = XCConfigurationList;
			buildConfigurations = (
				379215961D20FE420092A800 /* Debug */,
				379215971D20FE420092A800 /* Release */,
			);
			defaultConfigurationIsVisible = 0;
			defaultConfigurationName = Release;
		};
/* End XCConfigurationList section */
	};
	rootObject = 379215761D20FE420092A800 /* Project object */;
}
