// !$*UTF8*$!
{
	archiveVersion = 1;
	classes = {
	};
	objectVersion = 46;
	objects = {

/* Begin PBXBuildFile section */
		379215831D20FE420092A800 /* main.m in Sources */ = {isa = PBXBuildFile; fileRef = 379215821D20FE420092A800 /* main.m */; };
		379215861D20FE420092A800 /* AppDelegate.m in Sources */ = {isa = PBXBuildFile; fileRef = 379215851D20FE420092A800 /* AppDelegate.m */; };
		3792158E1D20FE420092A800 /* Assets.xcassets in Resources */ = {isa = PBXBuildFile; fileRef = 3792158D1D20FE420092A800 /* Assets.xcassets */; };
		379215911D20FE420092A800 /* LaunchScreen.storyboard in Resources */ = {isa = PBXBuildFile; fileRef = 3792158F1D20FE420092A800 /* LaunchScreen.storyboard */; };
		379215A51D2114190092A800 /* CDMainViewController.m in Sources */ = {isa = PBXBuildFile; fileRef = 379215A31D2114190092A800 /* CDMainViewController.m */; };
		379215A61D2114190092A800 /* CDMainViewController.xib in Resources */ = {isa = PBXBuildFile; fileRef = 379215A41D2114190092A800 /* CDMainViewController.xib */; };
		379215A91D2114710092A800 /* CDCustomDayViewController.m in Sources */ = {isa = PBXBuildFile; fileRef = 379215A81D2114710092A800 /* CDCustomDayViewController.m */; };
/* End PBXBuildFile section */

/* Begin PBXFileReference section */
		3792157E1D20FE420092A800 /* CDCollectionViewCalendar.app */ = {isa = PBXFileReference; explicitFileType = wrapper.application; includeInIndex = 0; path = CDCollectionViewCalendar.app; sourceTree = BUILT_PRODUCTS_DIR; };
		379215821D20FE420092A800 /* main.m */ = {isa = PBXFileReference; lastKnownFileType = sourcecode.c.objc; path = main.m; sourceTree = "<group>"; };
		379215841D20FE420092A800 /* AppDelegate.h */ = {isa = PBXFileReference; lastKnownFileType = sourcecode.c.h; path = AppDelegate.h; sourceTree = "<group>"; };
		379215851D20FE420092A800 /* AppDelegate.m */ = {isa = PBXFileReference; lastKnownFileType = sourcecode.c.objc; path = AppDelegate.m; sourceTree = "<group>"; };
		3792158D1D20FE420092A800 /* Assets.xcassets */ = {isa = PBXFileReference; lastKnownFileType = folder.assetcatalog; path = Assets.xcassets; sourceTree = "<group>"; };
		379215901D20FE420092A800 /* Base */ = {isa = PBXFileReference; lastKnownFileType = file.storyboard; name = Base; path = Base.lproj/LaunchScreen.storyboard; sourceTree = "<group>"; };
		379215921D20FE420092A800 /* Info.plist */ = {isa = PBXFileReference; lastKnownFileType = text.plist.xml; path = Info.plist; sourceTree = "<group>"; };
		379215A21D2114190092A800 /* CDMainViewController.h */ = {isa = PBXFileReference; fileEncoding = 4; lastKnownFileType = sourcecode.c.h; path = CDMainViewController.h; sourceTree = "<group>"; };
		379215A31D2114190092A800 /* CDMainViewController.m */ = {isa = PBXFileReference; fileEncoding = 4; lastKnownFileType = sourcecode.c.objc; path = CDMainViewController.m; sourceTree = "<group>"; };
		379215A41D2114190092A800 /* CDMainViewController.xib */ = {isa = PBXFileReference; fileEncoding = 4; lastKnownFileType = file.xib; path = CDMainViewController.xib; sourceTree = "<group>"; };
		379215A71D2114710092A800 /* CDCustomDayViewController.h */ = {isa = PBXFileReference; fileEncoding = 4; lastKnownFileType = sourcecode.c.h; path = CDCustomDayViewController.h; sourceTree = "<group>"; };
		379215A81D2114710092A800 /* CDCustomDayViewController.m */ = {isa = PBXFileReference; fileEncoding = 4; lastKnownFileType = sourcecode.c.objc; path = CDCustomDayViewController.m; sourceTree = "<group>"; };
/* End PBXFileReference section */

/* Begin PBXFrameworksBuildPhase section */
		3792157B1D20FE420092A800 /* Frameworks */ = {
			isa = PBXFrameworksBuildPhase;
			buildActionMask = 2147483647;
			files = (
			);
			runOnlyForDeploymentPostprocessing = 0;
		};
/* End PBXFrameworksBuildPhase section */

/* Begin PBXGroup section */
		379215751D20FE420092A800 = {
			isa = PBXGroup;
			children = (
				379215801D20FE420092A800 /* CDCollectionViewCalendar */,
				3792157F1D20FE420092A800 /* Products */,
			);
			sourceTree = "<group>";
		};
		3792157F1D20FE420092A800 /* Products */ = {
			isa = PBXGroup;
			children = (
				3792157E1D20FE420092A800 /* CDCollectionViewCalendar.app */,
			);
			name = Products;
			sourceTree = "<group>";
		};
		379215801D20FE420092A800 /* CDCollectionViewCalendar */ = {
			isa = PBXGroup;
			children = (
				379215981D20FEEA0092A800 /* class */,
				3792158D1D20FE420092A800 /* Assets.xcassets */,
				379215811D20FE420092A800 /* Supporting Files */,
			);
			path = CDCollectionViewCalendar;
			sourceTree = "<group>";
		};
		379215811D20FE420092A800 /* Supporting Files */ = {
			isa = PBXGroup;
			children = (
				379215841D20FE420092A800 /* AppDelegate.h */,
				379215851D20FE420092A800 /* AppDelegate.m */,
				3792158F1D20FE420092A800 /* LaunchScreen.storyboard */,
				379215921D20FE420092A800 /* Info.plist */,
				379215821D20FE420092A800 /* main.m */,
			);
			name = "Supporting Files";
			sourceTree = "<group>";
		};
		379215981D20FEEA0092A800 /* class */ = {
			isa = PBXGroup;
			children = (
				379215A21D2114190092A800 /* CDMainViewController.h */,
				379215A31D2114190092A800 /* CDMainViewController.m */,
				379215A41D2114190092A800 /* CDMainViewController.xib */,
				379215991D20FF370092A800 /* CDCalendar */,
				3792159C1D20FF370092A800 /* Libs */,
			);
			path = class;
			sourceTree = "<group>";
		};
		379215991D20FF370092A800 /* CDCalendar */ = {
			isa = PBXGroup;
			children = (
				3792159A1D20FF370092A800 /* controller */,
				3792159B1D20FF370092A800 /* view */,
			);
			path = CDCalendar;
			sourceTree = "<group>";
		};
		3792159A1D20FF370092A800 /* controller */ = {
			isa = PBXGroup;
			children = (
				379215A71D2114710092A800 /* CDCustomDayViewController.h */,
				379215A81D2114710092A800 /* CDCustomDayViewController.m */,
			);
			path = controller;
			sourceTree = "<group>";
		};
		3792159B1D20FF370092A800 /* view */ = {
			isa = PBXGroup;
			children = (
			);
			path = view;
			sourceTree = "<group>";
		};
		3792159C1D20FF370092A800 /* Libs */ = {
			isa = PBXGroup;
			children = (
			);
			path = Libs;
			sourceTree = "<group>";
		};
/* End PBXGroup section */

/* Begin PBXNativeTarget section */
		3792157D1D20FE420092A800 /* CDCollectionViewCalendar */ = {
			isa = PBXNativeTarget;
			buildConfigurationList = 379215951D20FE420092A800 /* Build configuration list for PBXNativeTarget "CDCollectionViewCalendar" */;
			buildPhases = (
				3792157A1D20FE420092A800 /* Sources */,
				3792157B1D20FE420092A800 /* Frameworks */,
				3792157C1D20FE420092A800 /* Resources */,
			);
			buildRules = (
			);
			dependencies = (
			);
			name = CDCollectionViewCalendar;
			productName = CDCollectionViewCalendar;
			productReference = 3792157E1D20FE420092A800 /* CDCollectionViewCalendar.app */;
			productType = "com.apple.product-type.application";
		};
/* End PBXNativeTarget section */

/* Begin PBXProject section */
		379215761D20FE420092A800 /* Project object */ = {
			isa = PBXProject;
			attributes = {
				LastUpgradeCheck = 0730;
				ORGANIZATIONNAME = Cindy;
				TargetAttributes = {
					3792157D1D20FE420092A800 = {
						CreatedOnToolsVersion = 7.3.1;
					};
				};
			};
			buildConfigurationList = 379215791D20FE420092A800 /* Build configuration list for PBXProject "CDCollectionViewCalendar" */;
			compatibilityVersion = "Xcode 3.2";
			developmentRegion = English;
			hasScannedForEncodings = 0;
			knownRegions = (
				en,
				Base,
			);
			mainGroup = 379215751D20FE420092A800;
			productRefGroup = 3792157F1D20FE420092A800 /* Products */;
			projectDirPath = "";
			projectRoot = "";
			targets = (
				3792157D1D20FE420092A800 /* CDCollectionViewCalendar */,
			);
		};
/* End PBXProject section */

/* Begin PBXResourcesBuildPhase section */
		3792157C1D20FE420092A800 /* Resources */ = {
			isa = PBXResourcesBuildPhase;
			buildActionMask = 2147483647;
			files = (
				379215911D20FE420092A800 /* LaunchScreen.storyboard in Resources */,
				3792158E1D20FE420092A800 /* Assets.xcassets in Resources */,
				379215A61D2114190092A800 /* CDMainViewController.xib in Resources */,
			);
			runOnlyForDeploymentPostprocessing = 0;
		};
/* End PBXResourcesBuildPhase section */

/* Begin PBXSourcesBuildPhase section */
		3792157A1D20FE420092A800 /* Sources */ = {
			isa = PBXSourcesBuildPhase;
			buildActionMask = 2147483647;
			files = (
				379215861D20FE420092A800 /* AppDelegate.m in Sources */,
				379215A91D2114710092A800 /* CDCustomDayViewController.m in Sources */,
				379215A51D2114190092A800 /* CDMainViewController.m in Sources */,
				379215831D20FE420092A800 /* main.m in Sources */,
			);
			runOnlyForDeploymentPostprocessing = 0;
		};
/* End PBXSourcesBuildPhase section */

/* Begin PBXVariantGroup section */
		3792158F1D20FE420092A800 /* LaunchScreen.storyboard */ = {
			isa = PBXVariantGroup;
			children = (
				379215901D20FE420092A800 /* Base */,
			);
			name = LaunchScreen.storyboard;
			sourceTree = "<group>";
		};
/* End PBXVariantGroup section */

/* Begin XCBuildConfiguration section */
		379215931D20FE420092A800 /* Debug */ = {
			isa = XCBuildConfiguration;
			buildSettings = {
				ALWAYS_SEARCH_USER_PATHS = NO;
				CLANG_ANALYZER_NONNULL = YES;
				CLANG_CXX_LANGUAGE_STANDARD = "gnu++0x";
				CLANG_CXX_LIBRARY = "libc++";
				CLANG_ENABLE_MODULES = YES;
				CLANG_ENABLE_OBJC_ARC = YES;
				CLANG_WARN_BOOL_CONVERSION = YES;
				CLANG_WARN_CONSTANT_CONVERSION = YES;
				CLANG_WARN_DIRECT_OBJC_ISA_USAGE = YES_ERROR;
				CLANG_WARN_EMPTY_BODY = YES;
				CLANG_WARN_ENUM_CONVERSION = YES;
				CLANG_WARN_INT_CONVERSION = YES;
				CLANG_WARN_OBJC_ROOT_CLASS = YES_ERROR;
				CLANG_WARN_UNREACHABLE_CODE = YES;
				CLANG_WARN__DUPLICATE_METHOD_MATCH = YES;
				"CODE_SIGN_IDENTITY[sdk=iphoneos*]" = "iPhone Developer";
				COPY_PHASE_STRIP = NO;
				DEBUG_INFORMATION_FORMAT = dwarf;
				ENABLE_STRICT_OBJC_MSGSEND = YES;
				ENABLE_TESTABILITY = YES;
				GCC_C_LANGUAGE_STANDARD = gnu99;
				GCC_DYNAMIC_NO_PIC = NO;
				GCC_NO_COMMON_BLOCKS = YES;
				GCC_OPTIMIZATION_LEVEL = 0;
				GCC_PREPROCESSOR_DEFINITIONS = (
					"DEBUG=1",
					"$(inherited)",
				);
				GCC_WARN_64_TO_32_BIT_CONVERSION = YES;
				GCC_WARN_ABOUT_RETURN_TYPE = YES_ERROR;
				GCC_WARN_UNDECLARED_SELECTOR = YES;
				GCC_WARN_UNINITIALIZED_AUTOS = YES_AGGRESSIVE;
				GCC_WARN_UNUSED_FUNCTION = YES;
				GCC_WARN_UNUSED_VARIABLE = YES;
				IPHONEOS_DEPLOYMENT_TARGET = 9.3;
				MTL_ENABLE_DEBUG_INFO = YES;
				ONLY_ACTIVE_ARCH = YES;
				SDKROOT = iphoneos;
			};
			name = Debug;
		};
		379215941D20FE420092A800 /* Release */ = {
			isa = XCBuildConfiguration;
			buildSettings = {
				ALWAYS_SEARCH_USER_PATHS = NO;
				CLANG_ANALYZER_NONNULL = YES;
				CLANG_CXX_LANGUAGE_STANDARD = "gnu++0x";
				CLANG_CXX_LIBRARY = "libc++";
				CLANG_ENABLE_MODULES = YES;
				CLANG_ENABLE_OBJC_ARC = YES;
				CLANG_WARN_BOOL_CONVERSION = YES;
				CLANG_WARN_CONSTANT_CONVERSION = YES;
				CLANG_WARN_DIRECT_OBJC_ISA_USAGE = YES_ERROR;
				CLANG_WARN_EMPTY_BODY = YES;
				CLANG_WARN_ENUM_CONVERSION = YES;
				CLANG_WARN_INT_CONVERSION = YES;
				CLANG_WARN_OBJC_ROOT_CLASS = YES_ERROR;
				CLANG_WARN_UNREACHABLE_CODE = YES;
				CLANG_WARN__DUPLICATE_METHOD_MATCH = YES;
				"CODE_SIGN_IDENTITY[sdk=iphoneos*]" = "iPhone Developer";
				COPY_PHASE_STRIP = NO;
				DEBUG_INFORMATION_FORMAT = "dwarf-with-dsym";
				ENABLE_NS_ASSERTIONS = NO;
				ENABLE_STRICT_OBJC_MSGSEND = YES;
				GCC_C_LANGUAGE_STANDARD = gnu99;
				GCC_NO_COMMON_BLOCKS = YES;
				GCC_WARN_64_TO_32_BIT_CONVERSION = YES;
				GCC_WARN_ABOUT_RETURN_TYPE = YES_ERROR;
				GCC_WARN_UNDECLARED_SELECTOR = YES;
				GCC_WARN_UNINITIALIZED_AUTOS = YES_AGGRESSIVE;
				GCC_WARN_UNUSED_FUNCTION = YES;
				GCC_WARN_UNUSED_VARIABLE = YES;
				IPHONEOS_DEPLOYMENT_TARGET = 9.3;
				MTL_ENABLE_DEBUG_INFO = NO;
				SDKROOT = iphoneos;
				VALIDATE_PRODUCT = YES;
			};
			name = Release;
		};
		379215961D20FE420092A800 /* Debug */ = {
			isa = XCBuildConfiguration;
			buildSettings = {
				ASSETCATALOG_COMPILER_APPICON_NAME = AppIcon;
				INFOPLIST_FILE = CDCollectionViewCalendar/Info.plist;
				LD_RUNPATH_SEARCH_PATHS = "$(inherited) @executable_path/Frameworks";
				PRODUCT_BUNDLE_IDENTIFIER = com.cindy.source.CDCollectionViewCalendar;
				PRODUCT_NAME = "$(TARGET_NAME)";
			};
			name = Debug;
		};
		379215971D20FE420092A800 /* Release */ = {
			isa = XCBuildConfiguration;
			buildSettings = {
				ASSETCATALOG_COMPILER_APPICON_NAME = AppIcon;
				INFOPLIST_FILE = CDCollectionViewCalendar/Info.plist;
				LD_RUNPATH_SEARCH_PATHS = "$(inherited) @executable_path/Frameworks";
				PRODUCT_BUNDLE_IDENTIFIER = com.cindy.source.CDCollectionViewCalendar;
				PRODUCT_NAME = "$(TARGET_NAME)";
			};
			name = Release;
		};
/* End XCBuildConfiguration section */

/* Begin XCConfigurationList section */
		379215791D20FE420092A800 /* Build configuration list for PBXProject "CDCollectionViewCalendar" */ = {
			isa = XCConfigurationList;
			buildConfigurations = (
				379215931D20FE420092A800 /* Debug */,
				379215941D20FE420092A800 /* Release */,
			);
			defaultConfigurationIsVisible = 0;
			defaultConfigurationName = Release;
		};
		379215951D20FE420092A800 /* Build configuration list for PBXNativeTarget "CDCollectionViewCalendar" */ = {
			isa = XCConfigurationList;
			buildConfigurations = (
				379215961D20FE420092A800 /* Debug */,
				379215971D20FE420092A800 /* Release */,
			);
			defaultConfigurationIsVisible = 0;
			defaultConfigurationName = Release;
		};
/* End XCConfigurationList section */
	};
	rootObject = 379215761D20FE420092A800 /* Project object */;
}
