// !$*UTF8*$!
{
	archiveVersion = 1;
	classes = {
	};
	objectVersion = 46;
	objects = {

/* Begin PBXBuildFile section */
		379215831D20FE420092A800 /* main.m in Sources */ = {isa = PBXBuildFile; fileRef = 379215821D20FE420092A800 /* main.m */; };
		379215861D20FE420092A800 /* AppDelegate.m in Sources */ = {isa = PBXBuildFile; fileRef = 379215851D20FE420092A800 /* AppDelegate.m */; };
		3792158E1D20FE420092A800 /* Assets.xcassets in Resources */ = {isa = PBXBuildFile; fileRef = 3792158D1D20FE420092A800 /* Assets.xcassets */; };
		379215911D20FE420092A800 /* LaunchScreen.storyboard in Resources */ = {isa = PBXBuildFile; fileRef = 3792158F1D20FE420092A800 /* LaunchScreen.storyboard */; };
		379215A51D2114190092A800 /* CDMainViewController.m in Sources */ = {isa = PBXBuildFile; fileRef = 379215A31D2114190092A800 /* CDMainViewController.m */; };
		379215A61D2114190092A800 /* CDMainViewController.xib in Resources */ = {isa = PBXBuildFile; fileRef = 379215A41D2114190092A800 /* CDMainViewController.xib */; };
		379215A91D2114710092A800 /* CDCustomDayViewController.m in Sources */ = {isa = PBXBuildFile; fileRef = 379215A81D2114710092A800 /* CDCustomDayViewController.m */; };
		379215CE1D211BBD0092A800 /* JTCalendarManager.m in Sources */ = {isa = PBXBuildFile; fileRef = 379215AE1D211BBD0092A800 /* JTCalendarManager.m */; };
		379215CF1D211BBD0092A800 /* JTCalendarSettings.m in Sources */ = {isa = PBXBuildFile; fileRef = 379215B01D211BBD0092A800 /* JTCalendarSettings.m */; };
		379215D01D211BBD0092A800 /* JTDateHelper.m in Sources */ = {isa = PBXBuildFile; fileRef = 379215B21D211BBD0092A800 /* JTDateHelper.m */; };
		379215D11D211BBD0092A800 /* JTCalendarDelegateManager.m in Sources */ = {isa = PBXBuildFile; fileRef = 379215B51D211BBD0092A800 /* JTCalendarDelegateManager.m */; };
		379215D21D211BBD0092A800 /* JTCalendarScrollManager.m in Sources */ = {isa = PBXBuildFile; fileRef = 379215B71D211BBD0092A800 /* JTCalendarScrollManager.m */; };
		379215D31D211BBD0092A800 /* JTCalendarDayView.m in Sources */ = {isa = PBXBuildFile; fileRef = 379215C11D211BBD0092A800 /* JTCalendarDayView.m */; };
		379215D41D211BBD0092A800 /* JTCalendarMenuView.m in Sources */ = {isa = PBXBuildFile; fileRef = 379215C31D211BBD0092A800 /* JTCalendarMenuView.m */; };
		379215D51D211BBD0092A800 /* JTCalendarPageView.m in Sources */ = {isa = PBXBuildFile; fileRef = 379215C51D211BBD0092A800 /* JTCalendarPageView.m */; };
		379215D61D211BBD0092A800 /* JTCalendarWeekDayView.m in Sources */ = {isa = PBXBuildFile; fileRef = 379215C71D211BBD0092A800 /* JTCalendarWeekDayView.m */; };
		379215D71D211BBD0092A800 /* JTCalendarWeekView.m in Sources */ = {isa = PBXBuildFile; fileRef = 379215C91D211BBD0092A800 /* JTCalendarWeekView.m */; };
		379215D81D211BBD0092A800 /* JTHorizontalCalendarView.m in Sources */ = {isa = PBXBuildFile; fileRef = 379215CB1D211BBD0092A800 /* JTHorizontalCalendarView.m */; };
		379215D91D211BBD0092A800 /* JTVerticalCalendarView.m in Sources */ = {isa = PBXBuildFile; fileRef = 379215CD1D211BBD0092A800 /* JTVerticalCalendarView.m */; };
		379215FE1D211FC60092A800 /* Info.plist in Resources */ = {isa = PBXBuildFile; fileRef = 379215E41D211FC60092A800 /* Info.plist */; };
		379215FF1D211FC60092A800 /* MASCompositeConstraint.m in Sources */ = {isa = PBXBuildFile; fileRef = 379215E61D211FC60092A800 /* MASCompositeConstraint.m */; };
		379216001D211FC60092A800 /* MASConstraint.m in Sources */ = {isa = PBXBuildFile; fileRef = 379215E91D211FC60092A800 /* MASConstraint.m */; };
		379216011D211FC60092A800 /* MASConstraintMaker.m in Sources */ = {isa = PBXBuildFile; fileRef = 379215EB1D211FC60092A800 /* MASConstraintMaker.m */; };
		379216021D211FC60092A800 /* MASLayoutConstraint.m in Sources */ = {isa = PBXBuildFile; fileRef = 379215ED1D211FC60092A800 /* MASLayoutConstraint.m */; };
		379216031D211FC60092A800 /* MASViewAttribute.m in Sources */ = {isa = PBXBuildFile; fileRef = 379215F11D211FC60092A800 /* MASViewAttribute.m */; };
		379216041D211FC60092A800 /* MASViewConstraint.m in Sources */ = {isa = PBXBuildFile; fileRef = 379215F31D211FC60092A800 /* MASViewConstraint.m */; };
		379216051D211FC60092A800 /* NSArray+MASAdditions.m in Sources */ = {isa = PBXBuildFile; fileRef = 379215F51D211FC60092A800 /* NSArray+MASAdditions.m */; };
		379216061D211FC60092A800 /* NSLayoutConstraint+MASDebugAdditions.m in Sources */ = {isa = PBXBuildFile; fileRef = 379215F81D211FC60092A800 /* NSLayoutConstraint+MASDebugAdditions.m */; };
		379216071D211FC60092A800 /* View+MASAdditions.m in Sources */ = {isa = PBXBuildFile; fileRef = 379215FA1D211FC60092A800 /* View+MASAdditions.m */; };
		379216081D211FC60092A800 /* ViewController+MASAdditions.m in Sources */ = {isa = PBXBuildFile; fileRef = 379215FD1D211FC60092A800 /* ViewController+MASAdditions.m */; };
		37D551021D2216FF00058B82 /* JTCalendarDayView+CDCustomDayView.m in Sources */ = {isa = PBXBuildFile; fileRef = 37D551011D2216FF00058B82 /* JTCalendarDayView+CDCustomDayView.m */; };
		37D551051D2263E000058B82 /* CoreFoundation.framework in Frameworks */ = {isa = PBXBuildFile; fileRef = 37D551041D2263E000058B82 /* CoreFoundation.framework */; };
		37D551071D2263E700058B82 /* UIKit.framework in Frameworks */ = {isa = PBXBuildFile; fileRef = 37D551061D2263E700058B82 /* UIKit.framework */; };
		37D551091D2263F500058B82 /* Foundation.framework in Frameworks */ = {isa = PBXBuildFile; fileRef = 37D551081D2263F500058B82 /* Foundation.framework */; };
		37D5510B1D22641100058B82 /* QuartzCore.framework in Frameworks */ = {isa = PBXBuildFile; fileRef = 37D5510A1D22641100058B82 /* QuartzCore.framework */; };
/* End PBXBuildFile section */

/* Begin PBXFileReference section */
		3792157E1D20FE420092A800 /* CDCollectionViewCalendar.app */ = {isa = PBXFileReference; explicitFileType = wrapper.application; includeInIndex = 0; path = CDCollectionViewCalendar.app; sourceTree = BUILT_PRODUCTS_DIR; };
		379215821D20FE420092A800 /* main.m */ = {isa = PBXFileReference; lastKnownFileType = sourcecode.c.objc; path = main.m; sourceTree = "<group>"; };
		379215841D20FE420092A800 /* AppDelegate.h */ = {isa = PBXFileReference; lastKnownFileType = sourcecode.c.h; path = AppDelegate.h; sourceTree = "<group>"; };
		379215851D20FE420092A800 /* AppDelegate.m */ = {isa = PBXFileReference; lastKnownFileType = sourcecode.c.objc; path = AppDelegate.m; sourceTree = "<group>"; };
		3792158D1D20FE420092A800 /* Assets.xcassets */ = {isa = PBXFileReference; lastKnownFileType = folder.assetcatalog; path = Assets.xcassets; sourceTree = "<group>"; };
		379215901D20FE420092A800 /* Base */ = {isa = PBXFileReference; lastKnownFileType = file.storyboard; name = Base; path = Base.lproj/LaunchScreen.storyboard; sourceTree = "<group>"; };
		379215921D20FE420092A800 /* Info.plist */ = {isa = PBXFileReference; lastKnownFileType = text.plist.xml; path = Info.plist; sourceTree = "<group>"; };
		379215A21D2114190092A800 /* CDMainViewController.h */ = {isa = PBXFileReference; fileEncoding = 4; lastKnownFileType = sourcecode.c.h; path = CDMainViewController.h; sourceTree = "<group>"; };
		379215A31D2114190092A800 /* CDMainViewController.m */ = {isa = PBXFileReference; fileEncoding = 4; lastKnownFileType = sourcecode.c.objc; path = CDMainViewController.m; sourceTree = "<group>"; };
		379215A41D2114190092A800 /* CDMainViewController.xib */ = {isa = PBXFileReference; fileEncoding = 4; lastKnownFileType = file.xib; path = CDMainViewController.xib; sourceTree = "<group>"; };
		379215A71D2114710092A800 /* CDCustomDayViewController.h */ = {isa = PBXFileReference; fileEncoding = 4; lastKnownFileType = sourcecode.c.h; path = CDCustomDayViewController.h; sourceTree = "<group>"; };
		379215A81D2114710092A800 /* CDCustomDayViewController.m */ = {isa = PBXFileReference; fileEncoding = 4; lastKnownFileType = sourcecode.c.objc; path = CDCustomDayViewController.m; sourceTree = "<group>"; };
		379215AB1D211BBD0092A800 /* JTCalendar.h */ = {isa = PBXFileReference; fileEncoding = 4; lastKnownFileType = sourcecode.c.h; path = JTCalendar.h; sourceTree = "<group>"; };
		379215AC1D211BBD0092A800 /* JTCalendarDelegate.h */ = {isa = PBXFileReference; fileEncoding = 4; lastKnownFileType = sourcecode.c.h; path = JTCalendarDelegate.h; sourceTree = "<group>"; };
		379215AD1D211BBD0092A800 /* JTCalendarManager.h */ = {isa = PBXFileReference; fileEncoding = 4; lastKnownFileType = sourcecode.c.h; path = JTCalendarManager.h; sourceTree = "<group>"; };
		379215AE1D211BBD0092A800 /* JTCalendarManager.m */ = {isa = PBXFileReference; fileEncoding = 4; lastKnownFileType = sourcecode.c.objc; path = JTCalendarManager.m; sourceTree = "<group>"; };
		379215AF1D211BBD0092A800 /* JTCalendarSettings.h */ = {isa = PBXFileReference; fileEncoding = 4; lastKnownFileType = sourcecode.c.h; path = JTCalendarSettings.h; sourceTree = "<group>"; };
		379215B01D211BBD0092A800 /* JTCalendarSettings.m */ = {isa = PBXFileReference; fileEncoding = 4; lastKnownFileType = sourcecode.c.objc; path = JTCalendarSettings.m; sourceTree = "<group>"; };
		379215B11D211BBD0092A800 /* JTDateHelper.h */ = {isa = PBXFileReference; fileEncoding = 4; lastKnownFileType = sourcecode.c.h; path = JTDateHelper.h; sourceTree = "<group>"; };
		379215B21D211BBD0092A800 /* JTDateHelper.m */ = {isa = PBXFileReference; fileEncoding = 4; lastKnownFileType = sourcecode.c.objc; path = JTDateHelper.m; sourceTree = "<group>"; };
		379215B41D211BBD0092A800 /* JTCalendarDelegateManager.h */ = {isa = PBXFileReference; fileEncoding = 4; lastKnownFileType = sourcecode.c.h; path = JTCalendarDelegateManager.h; sourceTree = "<group>"; };
		379215B51D211BBD0092A800 /* JTCalendarDelegateManager.m */ = {isa = PBXFileReference; fileEncoding = 4; lastKnownFileType = sourcecode.c.objc; path = JTCalendarDelegateManager.m; sourceTree = "<group>"; };
		379215B61D211BBD0092A800 /* JTCalendarScrollManager.h */ = {isa = PBXFileReference; fileEncoding = 4; lastKnownFileType = sourcecode.c.h; path = JTCalendarScrollManager.h; sourceTree = "<group>"; };
		379215B71D211BBD0092A800 /* JTCalendarScrollManager.m */ = {isa = PBXFileReference; fileEncoding = 4; lastKnownFileType = sourcecode.c.objc; path = JTCalendarScrollManager.m; sourceTree = "<group>"; };
		379215B91D211BBD0092A800 /* JTCalendarDay.h */ = {isa = PBXFileReference; fileEncoding = 4; lastKnownFileType = sourcecode.c.h; path = JTCalendarDay.h; sourceTree = "<group>"; };
		379215BA1D211BBD0092A800 /* JTCalendarPage.h */ = {isa = PBXFileReference; fileEncoding = 4; lastKnownFileType = sourcecode.c.h; path = JTCalendarPage.h; sourceTree = "<group>"; };
		379215BB1D211BBD0092A800 /* JTCalendarWeek.h */ = {isa = PBXFileReference; fileEncoding = 4; lastKnownFileType = sourcecode.c.h; path = JTCalendarWeek.h; sourceTree = "<group>"; };
		379215BC1D211BBD0092A800 /* JTCalendarWeekDay.h */ = {isa = PBXFileReference; fileEncoding = 4; lastKnownFileType = sourcecode.c.h; path = JTCalendarWeekDay.h; sourceTree = "<group>"; };
		379215BD1D211BBD0092A800 /* JTContent.h */ = {isa = PBXFileReference; fileEncoding = 4; lastKnownFileType = sourcecode.c.h; path = JTContent.h; sourceTree = "<group>"; };
		379215BE1D211BBD0092A800 /* JTMenu.h */ = {isa = PBXFileReference; fileEncoding = 4; lastKnownFileType = sourcecode.c.h; path = JTMenu.h; sourceTree = "<group>"; };
		379215C01D211BBD0092A800 /* JTCalendarDayView.h */ = {isa = PBXFileReference; fileEncoding = 4; lastKnownFileType = sourcecode.c.h; path = JTCalendarDayView.h; sourceTree = "<group>"; };
		379215C11D211BBD0092A800 /* JTCalendarDayView.m */ = {isa = PBXFileReference; fileEncoding = 4; lastKnownFileType = sourcecode.c.objc; path = JTCalendarDayView.m; sourceTree = "<group>"; };
		379215C21D211BBD0092A800 /* JTCalendarMenuView.h */ = {isa = PBXFileReference; fileEncoding = 4; lastKnownFileType = sourcecode.c.h; path = JTCalendarMenuView.h; sourceTree = "<group>"; };
		379215C31D211BBD0092A800 /* JTCalendarMenuView.m */ = {isa = PBXFileReference; fileEncoding = 4; lastKnownFileType = sourcecode.c.objc; path = JTCalendarMenuView.m; sourceTree = "<group>"; };
		379215C41D211BBD0092A800 /* JTCalendarPageView.h */ = {isa = PBXFileReference; fileEncoding = 4; lastKnownFileType = sourcecode.c.h; path = JTCalendarPageView.h; sourceTree = "<group>"; };
		379215C51D211BBD0092A800 /* JTCalendarPageView.m */ = {isa = PBXFileReference; fileEncoding = 4; lastKnownFileType = sourcecode.c.objc; path = JTCalendarPageView.m; sourceTree = "<group>"; };
		379215C61D211BBD0092A800 /* JTCalendarWeekDayView.h */ = {isa = PBXFileReference; fileEncoding = 4; lastKnownFileType = sourcecode.c.h; path = JTCalendarWeekDayView.h; sourceTree = "<group>"; };
		379215C71D211BBD0092A800 /* JTCalendarWeekDayView.m */ = {isa = PBXFileReference; fileEncoding = 4; lastKnownFileType = sourcecode.c.objc; path = JTCalendarWeekDayView.m; sourceTree = "<group>"; };
		379215C81D211BBD0092A800 /* JTCalendarWeekView.h */ = {isa = PBXFileReference; fileEncoding = 4; lastKnownFileType = sourcecode.c.h; path = JTCalendarWeekView.h; sourceTree = "<group>"; };
		379215C91D211BBD0092A800 /* JTCalendarWeekView.m */ = {isa = PBXFileReference; fileEncoding = 4; lastKnownFileType = sourcecode.c.objc; path = JTCalendarWeekView.m; sourceTree = "<group>"; };
		379215CA1D211BBD0092A800 /* JTHorizontalCalendarView.h */ = {isa = PBXFileReference; fileEncoding = 4; lastKnownFileType = sourcecode.c.h; path = JTHorizontalCalendarView.h; sourceTree = "<group>"; };
		379215CB1D211BBD0092A800 /* JTHorizontalCalendarView.m */ = {isa = PBXFileReference; fileEncoding = 4; lastKnownFileType = sourcecode.c.objc; path = JTHorizontalCalendarView.m; sourceTree = "<group>"; };
		379215CC1D211BBD0092A800 /* JTVerticalCalendarView.h */ = {isa = PBXFileReference; fileEncoding = 4; lastKnownFileType = sourcecode.c.h; path = JTVerticalCalendarView.h; sourceTree = "<group>"; };
		379215CD1D211BBD0092A800 /* JTVerticalCalendarView.m */ = {isa = PBXFileReference; fileEncoding = 4; lastKnownFileType = sourcecode.c.objc; path = JTVerticalCalendarView.m; sourceTree = "<group>"; };
		379215E41D211FC60092A800 /* Info.plist */ = {isa = PBXFileReference; fileEncoding = 4; lastKnownFileType = text.plist.xml; path = Info.plist; sourceTree = "<group>"; };
		379215E51D211FC60092A800 /* MASCompositeConstraint.h */ = {isa = PBXFileReference; fileEncoding = 4; lastKnownFileType = sourcecode.c.h; path = MASCompositeConstraint.h; sourceTree = "<group>"; };
		379215E61D211FC60092A800 /* MASCompositeConstraint.m */ = {isa = PBXFileReference; fileEncoding = 4; lastKnownFileType = sourcecode.c.objc; path = MASCompositeConstraint.m; sourceTree = "<group>"; };
		379215E71D211FC60092A800 /* MASConstraint+Private.h */ = {isa = PBXFileReference; fileEncoding = 4; lastKnownFileType = sourcecode.c.h; path = "MASConstraint+Private.h"; sourceTree = "<group>"; };
		379215E81D211FC60092A800 /* MASConstraint.h */ = {isa = PBXFileReference; fileEncoding = 4; lastKnownFileType = sourcecode.c.h; path = MASConstraint.h; sourceTree = "<group>"; };
		379215E91D211FC60092A800 /* MASConstraint.m */ = {isa = PBXFileReference; fileEncoding = 4; lastKnownFileType = sourcecode.c.objc; path = MASConstraint.m; sourceTree = "<group>"; };
		379215EA1D211FC60092A800 /* MASConstraintMaker.h */ = {isa = PBXFileReference; fileEncoding = 4; lastKnownFileType = sourcecode.c.h; path = MASConstraintMaker.h; sourceTree = "<group>"; };
		379215EB1D211FC60092A800 /* MASConstraintMaker.m */ = {isa = PBXFileReference; fileEncoding = 4; lastKnownFileType = sourcecode.c.objc; path = MASConstraintMaker.m; sourceTree = "<group>"; };
		379215EC1D211FC60092A800 /* MASLayoutConstraint.h */ = {isa = PBXFileReference; fileEncoding = 4; lastKnownFileType = sourcecode.c.h; path = MASLayoutConstraint.h; sourceTree = "<group>"; };
		379215ED1D211FC60092A800 /* MASLayoutConstraint.m */ = {isa = PBXFileReference; fileEncoding = 4; lastKnownFileType = sourcecode.c.objc; path = MASLayoutConstraint.m; sourceTree = "<group>"; };
		379215EE1D211FC60092A800 /* Masonry.h */ = {isa = PBXFileReference; fileEncoding = 4; lastKnownFileType = sourcecode.c.h; path = Masonry.h; sourceTree = "<group>"; };
		379215EF1D211FC60092A800 /* MASUtilities.h */ = {isa = PBXFileReference; fileEncoding = 4; lastKnownFileType = sourcecode.c.h; path = MASUtilities.h; sourceTree = "<group>"; };
		379215F01D211FC60092A800 /* MASViewAttribute.h */ = {isa = PBXFileReference; fileEncoding = 4; lastKnownFileType = sourcecode.c.h; path = MASViewAttribute.h; sourceTree = "<group>"; };
		379215F11D211FC60092A800 /* MASViewAttribute.m */ = {isa = PBXFileReference; fileEncoding = 4; lastKnownFileType = sourcecode.c.objc; path = MASViewAttribute.m; sourceTree = "<group>"; };
		379215F21D211FC60092A800 /* MASViewConstraint.h */ = {isa = PBXFileReference; fileEncoding = 4; lastKnownFileType = sourcecode.c.h; path = MASViewConstraint.h; sourceTree = "<group>"; };
		379215F31D211FC60092A800 /* MASViewConstraint.m */ = {isa = PBXFileReference; fileEncoding = 4; lastKnownFileType = sourcecode.c.objc; path = MASViewConstraint.m; sourceTree = "<group>"; };
		379215F41D211FC60092A800 /* NSArray+MASAdditions.h */ = {isa = PBXFileReference; fileEncoding = 4; lastKnownFileType = sourcecode.c.h; path = "NSArray+MASAdditions.h"; sourceTree = "<group>"; };
		379215F51D211FC60092A800 /* NSArray+MASAdditions.m */ = {isa = PBXFileReference; fileEncoding = 4; lastKnownFileType = sourcecode.c.objc; path = "NSArray+MASAdditions.m"; sourceTree = "<group>"; };
		379215F61D211FC60092A800 /* NSArray+MASShorthandAdditions.h */ = {isa = PBXFileReference; fileEncoding = 4; lastKnownFileType = sourcecode.c.h; path = "NSArray+MASShorthandAdditions.h"; sourceTree = "<group>"; };
		379215F71D211FC60092A800 /* NSLayoutConstraint+MASDebugAdditions.h */ = {isa = PBXFileReference; fileEncoding = 4; lastKnownFileType = sourcecode.c.h; path = "NSLayoutConstraint+MASDebugAdditions.h"; sourceTree = "<group>"; };
		379215F81D211FC60092A800 /* NSLayoutConstraint+MASDebugAdditions.m */ = {isa = PBXFileReference; fileEncoding = 4; lastKnownFileType = sourcecode.c.objc; path = "NSLayoutConstraint+MASDebugAdditions.m"; sourceTree = "<group>"; };
		379215F91D211FC60092A800 /* View+MASAdditions.h */ = {isa = PBXFileReference; fileEncoding = 4; lastKnownFileType = sourcecode.c.h; path = "View+MASAdditions.h"; sourceTree = "<group>"; };
		379215FA1D211FC60092A800 /* View+MASAdditions.m */ = {isa = PBXFileReference; fileEncoding = 4; lastKnownFileType = sourcecode.c.objc; path = "View+MASAdditions.m"; sourceTree = "<group>"; };
		379215FB1D211FC60092A800 /* View+MASShorthandAdditions.h */ = {isa = PBXFileReference; fileEncoding = 4; lastKnownFileType = sourcecode.c.h; path = "View+MASShorthandAdditions.h"; sourceTree = "<group>"; };
		379215FC1D211FC60092A800 /* ViewController+MASAdditions.h */ = {isa = PBXFileReference; fileEncoding = 4; lastKnownFileType = sourcecode.c.h; path = "ViewController+MASAdditions.h"; sourceTree = "<group>"; };
		379215FD1D211FC60092A800 /* ViewController+MASAdditions.m */ = {isa = PBXFileReference; fileEncoding = 4; lastKnownFileType = sourcecode.c.objc; path = "ViewController+MASAdditions.m"; sourceTree = "<group>"; };
		37D551001D2216FF00058B82 /* JTCalendarDayView+CDCustomDayView.h */ = {isa = PBXFileReference; fileEncoding = 4; lastKnownFileType = sourcecode.c.h; path = "JTCalendarDayView+CDCustomDayView.h"; sourceTree = "<group>"; };
		37D551011D2216FF00058B82 /* JTCalendarDayView+CDCustomDayView.m */ = {isa = PBXFileReference; fileEncoding = 4; lastKnownFileType = sourcecode.c.objc; path = "JTCalendarDayView+CDCustomDayView.m"; sourceTree = "<group>"; };
		37D551041D2263E000058B82 /* CoreFoundation.framework */ = {isa = PBXFileReference; lastKnownFileType = wrapper.framework; name = CoreFoundation.framework; path = System/Library/Frameworks/CoreFoundation.framework; sourceTree = SDKROOT; };
		37D551061D2263E700058B82 /* UIKit.framework */ = {isa = PBXFileReference; lastKnownFileType = wrapper.framework; name = UIKit.framework; path = System/Library/Frameworks/UIKit.framework; sourceTree = SDKROOT; };
		37D551081D2263F500058B82 /* Foundation.framework */ = {isa = PBXFileReference; lastKnownFileType = wrapper.framework; name = Foundation.framework; path = System/Library/Frameworks/Foundation.framework; sourceTree = SDKROOT; };
		37D5510A1D22641100058B82 /* QuartzCore.framework */ = {isa = PBXFileReference; lastKnownFileType = wrapper.framework; name = QuartzCore.framework; path = System/Library/Frameworks/QuartzCore.framework; sourceTree = SDKROOT; };
/* End PBXFileReference section */

/* Begin PBXFrameworksBuildPhase section */
		3792157B1D20FE420092A800 /* Frameworks */ = {
			isa = PBXFrameworksBuildPhase;
			buildActionMask = 2147483647;
			files = (
				37D5510B1D22641100058B82 /* QuartzCore.framework in Frameworks */,
				37D551091D2263F500058B82 /* Foundation.framework in Frameworks */,
				37D551071D2263E700058B82 /* UIKit.framework in Frameworks */,
				37D551051D2263E000058B82 /* CoreFoundation.framework in Frameworks */,
			);
			runOnlyForDeploymentPostprocessing = 0;
		};
/* End PBXFrameworksBuildPhase section */

/* Begin PBXGroup section */
		379215751D20FE420092A800 = {
			isa = PBXGroup;
			children = (
				37D551031D2263D400058B82 /* Frameworks */,
				379215801D20FE420092A800 /* CDCollectionViewCalendar */,
				3792157F1D20FE420092A800 /* Products */,
			);
			sourceTree = "<group>";
		};
		3792157F1D20FE420092A800 /* Products */ = {
			isa = PBXGroup;
			children = (
				3792157E1D20FE420092A800 /* CDCollectionViewCalendar.app */,
			);
			name = Products;
			sourceTree = "<group>";
		};
		379215801D20FE420092A800 /* CDCollectionViewCalendar */ = {
			isa = PBXGroup;
			children = (
				379215981D20FEEA0092A800 /* class */,
				3792158D1D20FE420092A800 /* Assets.xcassets */,
				379215811D20FE420092A800 /* Supporting Files */,
			);
			path = CDCollectionViewCalendar;
			sourceTree = "<group>";
		};
		379215811D20FE420092A800 /* Supporting Files */ = {
			isa = PBXGroup;
			children = (
				379215841D20FE420092A800 /* AppDelegate.h */,
				379215851D20FE420092A800 /* AppDelegate.m */,
				3792158F1D20FE420092A800 /* LaunchScreen.storyboard */,
				379215921D20FE420092A800 /* Info.plist */,
				379215821D20FE420092A800 /* main.m */,
			);
			name = "Supporting Files";
			sourceTree = "<group>";
		};
		379215981D20FEEA0092A800 /* class */ = {
			isa = PBXGroup;
			children = (
				379215A21D2114190092A800 /* CDMainViewController.h */,
				379215A31D2114190092A800 /* CDMainViewController.m */,
				379215A41D2114190092A800 /* CDMainViewController.xib */,
				379215991D20FF370092A800 /* CDCalendar */,
				3792159C1D20FF370092A800 /* Libs */,
			);
			path = class;
			sourceTree = "<group>";
		};
		379215991D20FF370092A800 /* CDCalendar */ = {
			isa = PBXGroup;
			children = (
				3792159A1D20FF370092A800 /* controller */,
				3792159B1D20FF370092A800 /* view */,
			);
			path = CDCalendar;
			sourceTree = "<group>";
		};
		3792159A1D20FF370092A800 /* controller */ = {
			isa = PBXGroup;
			children = (
				379215A71D2114710092A800 /* CDCustomDayViewController.h */,
				379215A81D2114710092A800 /* CDCustomDayViewController.m */,
			);
			path = controller;
			sourceTree = "<group>";
		};
		3792159B1D20FF370092A800 /* view */ = {
			isa = PBXGroup;
			children = (
				37D551001D2216FF00058B82 /* JTCalendarDayView+CDCustomDayView.h */,
				37D551011D2216FF00058B82 /* JTCalendarDayView+CDCustomDayView.m */,
			);
			path = view;
			sourceTree = "<group>";
		};
		3792159C1D20FF370092A800 /* Libs */ = {
			isa = PBXGroup;
			children = (
				379215E31D211FC60092A800 /* Masonry */,
				379215AA1D211BBD0092A800 /* JTCalendar */,
			);
			path = Libs;
			sourceTree = "<group>";
		};
		379215AA1D211BBD0092A800 /* JTCalendar */ = {
			isa = PBXGroup;
			children = (
				379215AB1D211BBD0092A800 /* JTCalendar.h */,
				379215AC1D211BBD0092A800 /* JTCalendarDelegate.h */,
				379215AD1D211BBD0092A800 /* JTCalendarManager.h */,
				379215AE1D211BBD0092A800 /* JTCalendarManager.m */,
				379215AF1D211BBD0092A800 /* JTCalendarSettings.h */,
				379215B01D211BBD0092A800 /* JTCalendarSettings.m */,
				379215B11D211BBD0092A800 /* JTDateHelper.h */,
				379215B21D211BBD0092A800 /* JTDateHelper.m */,
				379215B31D211BBD0092A800 /* Managers */,
				379215B81D211BBD0092A800 /* Protocols */,
				379215BF1D211BBD0092A800 /* Views */,
			);
			path = JTCalendar;
			sourceTree = "<group>";
		};
		379215B31D211BBD0092A800 /* Managers */ = {
			isa = PBXGroup;
			children = (
				379215B41D211BBD0092A800 /* JTCalendarDelegateManager.h */,
				379215B51D211BBD0092A800 /* JTCalendarDelegateManager.m */,
				379215B61D211BBD0092A800 /* JTCalendarScrollManager.h */,
				379215B71D211BBD0092A800 /* JTCalendarScrollManager.m */,
			);
			path = Managers;
			sourceTree = "<group>";
		};
		379215B81D211BBD0092A800 /* Protocols */ = {
			isa = PBXGroup;
			children = (
				379215B91D211BBD0092A800 /* JTCalendarDay.h */,
				379215BA1D211BBD0092A800 /* JTCalendarPage.h */,
				379215BB1D211BBD0092A800 /* JTCalendarWeek.h */,
				379215BC1D211BBD0092A800 /* JTCalendarWeekDay.h */,
				379215BD1D211BBD0092A800 /* JTContent.h */,
				379215BE1D211BBD0092A800 /* JTMenu.h */,
			);
			path = Protocols;
			sourceTree = "<group>";
		};
		379215BF1D211BBD0092A800 /* Views */ = {
			isa = PBXGroup;
			children = (
				379215C01D211BBD0092A800 /* JTCalendarDayView.h */,
				379215C11D211BBD0092A800 /* JTCalendarDayView.m */,
				379215C21D211BBD0092A800 /* JTCalendarMenuView.h */,
				379215C31D211BBD0092A800 /* JTCalendarMenuView.m */,
				379215C41D211BBD0092A800 /* JTCalendarPageView.h */,
				379215C51D211BBD0092A800 /* JTCalendarPageView.m */,
				379215C61D211BBD0092A800 /* JTCalendarWeekDayView.h */,
				379215C71D211BBD0092A800 /* JTCalendarWeekDayView.m */,
				379215C81D211BBD0092A800 /* JTCalendarWeekView.h */,
				379215C91D211BBD0092A800 /* JTCalendarWeekView.m */,
				379215CA1D211BBD0092A800 /* JTHorizontalCalendarView.h */,
				379215CB1D211BBD0092A800 /* JTHorizontalCalendarView.m */,
				379215CC1D211BBD0092A800 /* JTVerticalCalendarView.h */,
				379215CD1D211BBD0092A800 /* JTVerticalCalendarView.m */,
			);
			path = Views;
			sourceTree = "<group>";
		};
		379215E31D211FC60092A800 /* Masonry */ = {
			isa = PBXGroup;
			children = (
				379215E41D211FC60092A800 /* Info.plist */,
				379215E51D211FC60092A800 /* MASCompositeConstraint.h */,
				379215E61D211FC60092A800 /* MASCompositeConstraint.m */,
				379215E71D211FC60092A800 /* MASConstraint+Private.h */,
				379215E81D211FC60092A800 /* MASConstraint.h */,
				379215E91D211FC60092A800 /* MASConstraint.m */,
				379215EA1D211FC60092A800 /* MASConstraintMaker.h */,
				379215EB1D211FC60092A800 /* MASConstraintMaker.m */,
				379215EC1D211FC60092A800 /* MASLayoutConstraint.h */,
				379215ED1D211FC60092A800 /* MASLayoutConstraint.m */,
				379215EE1D211FC60092A800 /* Masonry.h */,
				379215EF1D211FC60092A800 /* MASUtilities.h */,
				379215F01D211FC60092A800 /* MASViewAttribute.h */,
				379215F11D211FC60092A800 /* MASViewAttribute.m */,
				379215F21D211FC60092A800 /* MASViewConstraint.h */,
				379215F31D211FC60092A800 /* MASViewConstraint.m */,
				379215F41D211FC60092A800 /* NSArray+MASAdditions.h */,
				379215F51D211FC60092A800 /* NSArray+MASAdditions.m */,
				379215F61D211FC60092A800 /* NSArray+MASShorthandAdditions.h */,
				379215F71D211FC60092A800 /* NSLayoutConstraint+MASDebugAdditions.h */,
				379215F81D211FC60092A800 /* NSLayoutConstraint+MASDebugAdditions.m */,
				379215F91D211FC60092A800 /* View+MASAdditions.h */,
				379215FA1D211FC60092A800 /* View+MASAdditions.m */,
				379215FB1D211FC60092A800 /* View+MASShorthandAdditions.h */,
				379215FC1D211FC60092A800 /* ViewController+MASAdditions.h */,
				379215FD1D211FC60092A800 /* ViewController+MASAdditions.m */,
			);
			path = Masonry;
			sourceTree = "<group>";
		};
		37D551031D2263D400058B82 /* Frameworks */ = {
			isa = PBXGroup;
			children = (
				37D5510A1D22641100058B82 /* QuartzCore.framework */,
				37D551081D2263F500058B82 /* Foundation.framework */,
				37D551061D2263E700058B82 /* UIKit.framework */,
				37D551041D2263E000058B82 /* CoreFoundation.framework */,
			);
			name = Frameworks;
			sourceTree = "<group>";
		};
/* End PBXGroup section */

/* Begin PBXNativeTarget section */
		3792157D1D20FE420092A800 /* CDCollectionViewCalendar */ = {
			isa = PBXNativeTarget;
			buildConfigurationList = 379215951D20FE420092A800 /* Build configuration list for PBXNativeTarget "CDCollectionViewCalendar" */;
			buildPhases = (
				3792157A1D20FE420092A800 /* Sources */,
				3792157B1D20FE420092A800 /* Frameworks */,
				3792157C1D20FE420092A800 /* Resources */,
			);
			buildRules = (
			);
			dependencies = (
			);
			name = CDCollectionViewCalendar;
			productName = CDCollectionViewCalendar;
			productReference = 3792157E1D20FE420092A800 /* CDCollectionViewCalendar.app */;
			productType = "com.apple.product-type.application";
		};
/* End PBXNativeTarget section */

/* Begin PBXProject section */
		379215761D20FE420092A800 /* Project object */ = {
			isa = PBXProject;
			attributes = {
				LastUpgradeCheck = 0730;
				ORGANIZATIONNAME = Cindy;
				TargetAttributes = {
					3792157D1D20FE420092A800 = {
						CreatedOnToolsVersion = 7.3.1;
					};
				};
			};
			buildConfigurationList = 379215791D20FE420092A800 /* Build configuration list for PBXProject "CDCollectionViewCalendar" */;
			compatibilityVersion = "Xcode 3.2";
			developmentRegion = English;
			hasScannedForEncodings = 0;
			knownRegions = (
				en,
				Base,
			);
			mainGroup = 379215751D20FE420092A800;
			productRefGroup = 3792157F1D20FE420092A800 /* Products */;
			projectDirPath = "";
			projectRoot = "";
			targets = (
				3792157D1D20FE420092A800 /* CDCollectionViewCalendar */,
			);
		};
/* End PBXProject section */

/* Begin PBXResourcesBuildPhase section */
		3792157C1D20FE420092A800 /* Resources */ = {
			isa = PBXResourcesBuildPhase;
			buildActionMask = 2147483647;
			files = (
				379215FE1D211FC60092A800 /* Info.plist in Resources */,
				379215911D20FE420092A800 /* LaunchScreen.storyboard in Resources */,
				3792158E1D20FE420092A800 /* Assets.xcassets in Resources */,
				379215A61D2114190092A800 /* CDMainViewController.xib in Resources */,
			);
			runOnlyForDeploymentPostprocessing = 0;
		};
/* End PBXResourcesBuildPhase section */

/* Begin PBXSourcesBuildPhase section */
		3792157A1D20FE420092A800 /* Sources */ = {
			isa = PBXSourcesBuildPhase;
			buildActionMask = 2147483647;
			files = (
				37D551021D2216FF00058B82 /* JTCalendarDayView+CDCustomDayView.m in Sources */,
				379215D91D211BBD0092A800 /* JTVerticalCalendarView.m in Sources */,
				379216041D211FC60092A800 /* MASViewConstraint.m in Sources */,
				379215861D20FE420092A800 /* AppDelegate.m in Sources */,
				379216001D211FC60092A800 /* MASConstraint.m in Sources */,
				379215D01D211BBD0092A800 /* JTDateHelper.m in Sources */,
				379215A91D2114710092A800 /* CDCustomDayViewController.m in Sources */,
				379215D21D211BBD0092A800 /* JTCalendarScrollManager.m in Sources */,
				379215CE1D211BBD0092A800 /* JTCalendarManager.m in Sources */,
				379216081D211FC60092A800 /* ViewController+MASAdditions.m in Sources */,
				379216071D211FC60092A800 /* View+MASAdditions.m in Sources */,
				379215D81D211BBD0092A800 /* JTHorizontalCalendarView.m in Sources */,
				379216031D211FC60092A800 /* MASViewAttribute.m in Sources */,
				379215D31D211BBD0092A800 /* JTCalendarDayView.m in Sources */,
				379215D71D211BBD0092A800 /* JTCalendarWeekView.m in Sources */,
				379215D61D211BBD0092A800 /* JTCalendarWeekDayView.m in Sources */,
				379215FF1D211FC60092A800 /* MASCompositeConstraint.m in Sources */,
				379216021D211FC60092A800 /* MASLayoutConstraint.m in Sources */,
				379215D11D211BBD0092A800 /* JTCalendarDelegateManager.m in Sources */,
				379215A51D2114190092A800 /* CDMainViewController.m in Sources */,
				379216011D211FC60092A800 /* MASConstraintMaker.m in Sources */,
				379216051D211FC60092A800 /* NSArray+MASAdditions.m in Sources */,
				379215CF1D211BBD0092A800 /* JTCalendarSettings.m in Sources */,
				379215831D20FE420092A800 /* main.m in Sources */,
				379215D41D211BBD0092A800 /* JTCalendarMenuView.m in Sources */,
				379215D51D211BBD0092A800 /* JTCalendarPageView.m in Sources */,
				379216061D211FC60092A800 /* NSLayoutConstraint+MASDebugAdditions.m in Sources */,
			);
			runOnlyForDeploymentPostprocessing = 0;
		};
/* End PBXSourcesBuildPhase section */

/* Begin PBXVariantGroup section */
		3792158F1D20FE420092A800 /* LaunchScreen.storyboard */ = {
			isa = PBXVariantGroup;
			children = (
				379215901D20FE420092A800 /* Base */,
			);
			name = LaunchScreen.storyboard;
			sourceTree = "<group>";
		};
/* End PBXVariantGroup section */

/* Begin XCBuildConfiguration section */
		379215931D20FE420092A800 /* Debug */ = {
			isa = XCBuildConfiguration;
			buildSettings = {
				ALWAYS_SEARCH_USER_PATHS = NO;
				CLANG_ANALYZER_NONNULL = YES;
				CLANG_CXX_LANGUAGE_STANDARD = "gnu++0x";
				CLANG_CXX_LIBRARY = "libc++";
				CLANG_ENABLE_MODULES = YES;
				CLANG_ENABLE_OBJC_ARC = YES;
				CLANG_WARN_BOOL_CONVERSION = YES;
				CLANG_WARN_CONSTANT_CONVERSION = YES;
				CLANG_WARN_DIRECT_OBJC_ISA_USAGE = YES_ERROR;
				CLANG_WARN_EMPTY_BODY = YES;
				CLANG_WARN_ENUM_CONVERSION = YES;
				CLANG_WARN_INT_CONVERSION = YES;
				CLANG_WARN_OBJC_ROOT_CLASS = YES_ERROR;
				CLANG_WARN_UNREACHABLE_CODE = YES;
				CLANG_WARN__DUPLICATE_METHOD_MATCH = YES;
				"CODE_SIGN_IDENTITY[sdk=iphoneos*]" = "iPhone Developer";
				COPY_PHASE_STRIP = NO;
				DEBUG_INFORMATION_FORMAT = dwarf;
				ENABLE_STRICT_OBJC_MSGSEND = YES;
				ENABLE_TESTABILITY = YES;
				GCC_C_LANGUAGE_STANDARD = gnu99;
				GCC_DYNAMIC_NO_PIC = NO;
				GCC_NO_COMMON_BLOCKS = YES;
				GCC_OPTIMIZATION_LEVEL = 0;
				GCC_PREPROCESSOR_DEFINITIONS = (
					"DEBUG=1",
					"$(inherited)",
				);
				GCC_WARN_64_TO_32_BIT_CONVERSION = YES;
				GCC_WARN_ABOUT_RETURN_TYPE = YES_ERROR;
				GCC_WARN_UNDECLARED_SELECTOR = YES;
				GCC_WARN_UNINITIALIZED_AUTOS = YES_AGGRESSIVE;
				GCC_WARN_UNUSED_FUNCTION = YES;
				GCC_WARN_UNUSED_VARIABLE = YES;
				IPHONEOS_DEPLOYMENT_TARGET = 9.3;
				MTL_ENABLE_DEBUG_INFO = YES;
				ONLY_ACTIVE_ARCH = YES;
				SDKROOT = iphoneos;
			};
			name = Debug;
		};
		379215941D20FE420092A800 /* Release */ = {
			isa = XCBuildConfiguration;
			buildSettings = {
				ALWAYS_SEARCH_USER_PATHS = NO;
				CLANG_ANALYZER_NONNULL = YES;
				CLANG_CXX_LANGUAGE_STANDARD = "gnu++0x";
				CLANG_CXX_LIBRARY = "libc++";
				CLANG_ENABLE_MODULES = YES;
				CLANG_ENABLE_OBJC_ARC = YES;
				CLANG_WARN_BOOL_CONVERSION = YES;
				CLANG_WARN_CONSTANT_CONVERSION = YES;
				CLANG_WARN_DIRECT_OBJC_ISA_USAGE = YES_ERROR;
				CLANG_WARN_EMPTY_BODY = YES;
				CLANG_WARN_ENUM_CONVERSION = YES;
				CLANG_WARN_INT_CONVERSION = YES;
				CLANG_WARN_OBJC_ROOT_CLASS = YES_ERROR;
				CLANG_WARN_UNREACHABLE_CODE = YES;
				CLANG_WARN__DUPLICATE_METHOD_MATCH = YES;
				"CODE_SIGN_IDENTITY[sdk=iphoneos*]" = "iPhone Developer";
				COPY_PHASE_STRIP = NO;
				DEBUG_INFORMATION_FORMAT = "dwarf-with-dsym";
				ENABLE_NS_ASSERTIONS = NO;
				ENABLE_STRICT_OBJC_MSGSEND = YES;
				GCC_C_LANGUAGE_STANDARD = gnu99;
				GCC_NO_COMMON_BLOCKS = YES;
				GCC_WARN_64_TO_32_BIT_CONVERSION = YES;
				GCC_WARN_ABOUT_RETURN_TYPE = YES_ERROR;
				GCC_WARN_UNDECLARED_SELECTOR = YES;
				GCC_WARN_UNINITIALIZED_AUTOS = YES_AGGRESSIVE;
				GCC_WARN_UNUSED_FUNCTION = YES;
				GCC_WARN_UNUSED_VARIABLE = YES;
				IPHONEOS_DEPLOYMENT_TARGET = 9.3;
				MTL_ENABLE_DEBUG_INFO = NO;
				SDKROOT = iphoneos;
				VALIDATE_PRODUCT = YES;
			};
			name = Release;
		};
		379215961D20FE420092A800 /* Debug */ = {
			isa = XCBuildConfiguration;
			buildSettings = {
				ASSETCATALOG_COMPILER_APPICON_NAME = AppIcon;
				INFOPLIST_FILE = CDCollectionViewCalendar/Info.plist;
				IPHONEOS_DEPLOYMENT_TARGET = 7.1;
				LD_RUNPATH_SEARCH_PATHS = "$(inherited) @executable_path/Frameworks";
				PRODUCT_BUNDLE_IDENTIFIER = com.cindy.source.CDCollectionViewCalendar;
				PRODUCT_NAME = "$(TARGET_NAME)";
			};
			name = Debug;
		};
		379215971D20FE420092A800 /* Release */ = {
			isa = XCBuildConfiguration;
			buildSettings = {
				ASSETCATALOG_COMPILER_APPICON_NAME = AppIcon;
				INFOPLIST_FILE = CDCollectionViewCalendar/Info.plist;
				IPHONEOS_DEPLOYMENT_TARGET = 7.1;
				LD_RUNPATH_SEARCH_PATHS = "$(inherited) @executable_path/Frameworks";
				PRODUCT_BUNDLE_IDENTIFIER = com.cindy.source.CDCollectionViewCalendar;
				PRODUCT_NAME = "$(TARGET_NAME)";
			};
			name = Release;
		};
/* End XCBuildConfiguration section */

/* Begin XCConfigurationList section */
		379215791D20FE420092A800 /* Build configuration list for PBXProject "CDCollectionViewCalendar" */ = {
			isa = XCConfigurationList;
			buildConfigurations = (
				379215931D20FE420092A800 /* Debug */,
				379215941D20FE420092A800 /* Release */,
			);
			defaultConfigurationIsVisible = 0;
			defaultConfigurationName = Release;
		};
		379215951D20FE420092A800 /* Build configuration list for PBXNativeTarget "CDCollectionViewCalendar" */ = {
			isa = XCConfigurationList;
			buildConfigurations = (
				379215961D20FE420092A800 /* Debug */,
				379215971D20FE420092A800 /* Release */,
			);
			defaultConfigurationIsVisible = 0;
			defaultConfigurationName = Release;
		};
/* End XCConfigurationList section */
	};
	rootObject = 379215761D20FE420092A800 /* Project object */;
}
